PODS:
  - Alamofire (4.8.0)
  - BigInt (3.1.0):
    - SipHash (~> 1.2)
  - Chester (0.9.0)
  - CryptoSwift (1.0.0)
  - MagicalRecord (2.3.3):
    - MagicalRecord/Core (= 2.3.3)
  - MagicalRecord/Core (2.3.3)
  - Presentr (1.9)
  - PromiseKit (6.8.4):
    - PromiseKit/CorePromise (= 6.8.4)
    - PromiseKit/Foundation (= 6.8.4)
    - PromiseKit/UIKit (= 6.8.4)
  - PromiseKit/CorePromise (6.8.4)
  - PromiseKit/Foundation (6.8.4):
    - PromiseKit/CorePromise
  - PromiseKit/UIKit (6.8.4):
    - PromiseKit/CorePromise
  - QRCodeReader.swift (10.0.0)
  - secp256k1.c (0.1.2)
  - SipHash (1.2.2)
  - Starscream (3.1.0)
  - SVProgressHUD (2.2.5)
  - SwiftKeychainWrapper (3.3.0)
  - SwiftyJSON (4.0.0)
  - web3swift (2.2.0):
    - BigInt (~> 3.1)
    - CryptoSwift (~> 1.0.0)
    - PromiseKit (~> 6.8.4)
    - secp256k1.c (~> 0.1)
    - Starscream (~> 3.1.0)

DEPENDENCIES:
  - Alamofire (= 4.8.0)
  - Chester
  - MagicalRecord (from `https://github.com/magicalpanda/MagicalRecord.git`, tag `v2.3.3`)
  - Presentr
  - QRCodeReader.swift (~> 10.0.0)
  - SVProgressHUD
  - SwiftKeychainWrapper
  - SwiftyJSON (= 4.0)
  - web3swift (from `https://github.com/pokettocash/web3swift.git`, branch `issue-172`)

SPEC REPOS:
  https://github.com/cocoapods/specs.git:
    - Alamofire
    - BigInt
    - Chester
    - CryptoSwift
    - Presentr
    - PromiseKit
    - QRCodeReader.swift
    - secp256k1.c
    - SipHash
    - Starscream
    - SVProgressHUD
    - SwiftKeychainWrapper
    - SwiftyJSON

EXTERNAL SOURCES:
  MagicalRecord:
    :git: https://github.com/magicalpanda/MagicalRecord.git
    :tag: v2.3.3
  web3swift:
    :branch: issue-172
    :git: https://github.com/pokettocash/web3swift.git

CHECKOUT OPTIONS:
  MagicalRecord:
    :git: https://github.com/magicalpanda/MagicalRecord.git
    :tag: v2.3.3
  web3swift:
    :commit: fb0be8f2f2f9b5cc7e3372e4b1c08f3d456150e2
    :git: https://github.com/pokettocash/web3swift.git

SPEC CHECKSUMS:
  Alamofire: 3ec537f71edc9804815215393ae2b1a8ea33a844
  BigInt: 76b5dfdfa3e2e478d4ffdf161aeede5502e2742f
  Chester: 978562d533be4d3341a70b449bdfef1fc70d1937
  CryptoSwift: d81eeaa59dc5a8d03720fe919a6fd07b51f7439f
  MagicalRecord: e3dfdee87c234c6d460dbd5d8a32e3cb4de223aa
  Presentr: 7078d7eb5d1661ebeaae60c9e42a1e534de1b993
  PromiseKit: 51794a832647e7b819336dc2279039ce9f1cc49b
  QRCodeReader.swift: 74d0378eb0c7807828552b49626bbc8307495aee
  secp256k1.c: db47b726585d80f027423682eb369729e61b3b20
  SipHash: fad90a4683e420c52ef28063063dbbce248ea6d4
  Starscream: 08172b481e145289c4930cb567230fb55897cfa4
  SVProgressHUD: 1428aafac632c1f86f62aa4243ec12008d7a51d6
  SwiftKeychainWrapper: ef5ad793bc0e08e24a5913f28345b8f7bc8e4123
  SwiftyJSON: 070dabdcb1beb81b247c65ffa3a79dbbfb3b48aa
  web3swift: 149ab5d1e57edf8125b095f889f089ab55fadcf7

PODFILE CHECKSUM: ec0a76ecba9f404008ed6980a1e09edbcb38208b

COCOAPODS: 1.6.1
