// !$*UTF8*$!
{
	archiveVersion = 1;
	classes = {
	};
	objectVersion = 50;
	objects = {

/* Begin PBXBuildFile section */
		1BD6E5DFF314324206BAE069 /* Pods_Poketto.framework in Frameworks */ = {isa = PBXBuildFile; fileRef = 42A2196B6BC317ADF6BD8E6E /* Pods_Poketto.framework */; };
		657300FF228F1011003BE6D2 /* Page4Controller.swift in Sources */ = {isa = PBXBuildFile; fileRef = 657300FE228F1011003BE6D2 /* Page4Controller.swift */; };
		65C5CD0F2296DFB500C2221A /* TapAndCopyLabel.swift in Sources */ = {isa = PBXBuildFile; fileRef = 65C5CD0E2296DFB500C2221A /* TapAndCopyLabel.swift */; };
		65DE5CC52297F8DF00109C29 /* DashboardHeaderDayView.swift in Sources */ = {isa = PBXBuildFile; fileRef = 65DE5CC32297F8DF00109C29 /* DashboardHeaderDayView.swift */; };
		65DE5CC62297F8DF00109C29 /* DashboardHeaderDayView.xib in Resources */ = {isa = PBXBuildFile; fileRef = 65DE5CC42297F8DF00109C29 /* DashboardHeaderDayView.xib */; };
		65DE5CC9229802A600109C29 /* ArrayUtils.swift in Sources */ = {isa = PBXBuildFile; fileRef = 65DE5CC8229802A600109C29 /* ArrayUtils.swift */; };
		65FCE76C229F0D0F007E7903 /* PopularContactsCell.swift in Sources */ = {isa = PBXBuildFile; fileRef = 65FCE76B229F0D0F007E7903 /* PopularContactsCell.swift */; };
		65FCE76E229F0E3F007E7903 /* PopularContactCell.swift in Sources */ = {isa = PBXBuildFile; fileRef = 65FCE76D229F0E3F007E7903 /* PopularContactCell.swift */; };
		7016B4B722831973000C49B8 /* PaymentDetailsController.swift in Sources */ = {isa = PBXBuildFile; fileRef = 7016B4B622831973000C49B8 /* PaymentDetailsController.swift */; };
		7047515722CCC35700108B51 /* StringUtils.swift in Sources */ = {isa = PBXBuildFile; fileRef = 7047515622CCC35700108B51 /* StringUtils.swift */; };
		7047515922CE660D00108B51 /* SettingsCell.swift in Sources */ = {isa = PBXBuildFile; fileRef = 7047515822CE660C00108B51 /* SettingsCell.swift */; };
		7047515B22CE674100108B51 /* BioAccessController.swift in Sources */ = {isa = PBXBuildFile; fileRef = 7047515A22CE674100108B51 /* BioAccessController.swift */; };
		70572CD12274A17200297421 /* db.xcdatamodeld in Sources */ = {isa = PBXBuildFile; fileRef = 70572CCF2274A17200297421 /* db.xcdatamodeld */; };
		7073A69D2280C03800049A2E /* PaymentContactCell.swift in Sources */ = {isa = PBXBuildFile; fileRef = 7073A69C2280C03800049A2E /* PaymentContactCell.swift */; };
		7073A69F2280C6AA00049A2E /* PaymentContact.swift in Sources */ = {isa = PBXBuildFile; fileRef = 7073A69E2280C6AA00049A2E /* PaymentContact.swift */; };
		707DEB94226DD56000F0AD93 /* SettingsController.swift in Sources */ = {isa = PBXBuildFile; fileRef = 707DEB93226DD56000F0AD93 /* SettingsController.swift */; };
		707DEB96226F466800F0AD93 /* RequestController.swift in Sources */ = {isa = PBXBuildFile; fileRef = 707DEB95226F466800F0AD93 /* RequestController.swift */; };
		707DEB98226F52A500F0AD93 /* PaymentContactsController.swift in Sources */ = {isa = PBXBuildFile; fileRef = 707DEB97226F52A500F0AD93 /* PaymentContactsController.swift */; };
		707DEB9A226F52B300F0AD93 /* PaymentSendController.swift in Sources */ = {isa = PBXBuildFile; fileRef = 707DEB99226F52B300F0AD93 /* PaymentSendController.swift */; };
		707DEB9C226F572900F0AD93 /* PayOptionCell.swift in Sources */ = {isa = PBXBuildFile; fileRef = 707DEB9B226F572900F0AD93 /* PayOptionCell.swift */; };
		707DEB9E226F5BCB00F0AD93 /* PasteCell.swift in Sources */ = {isa = PBXBuildFile; fileRef = 707DEB9D226F5BCB00F0AD93 /* PasteCell.swift */; };
		707FB2052275CF2A005B29A2 /* ContactsController.swift in Sources */ = {isa = PBXBuildFile; fileRef = 707FB2042275CF2A005B29A2 /* ContactsController.swift */; };
		707FB2082275D061005B29A2 /* PhoneContact.swift in Sources */ = {isa = PBXBuildFile; fileRef = 707FB2072275D061005B29A2 /* PhoneContact.swift */; };
		707FB20A2275D351005B29A2 /* ContactCell.swift in Sources */ = {isa = PBXBuildFile; fileRef = 707FB2092275D351005B29A2 /* ContactCell.swift */; };
		70A31C7222676082007291D1 /* RootController.swift in Sources */ = {isa = PBXBuildFile; fileRef = 70A31C7122676082007291D1 /* RootController.swift */; };
		70A31C7422676096007291D1 /* LaunchController.swift in Sources */ = {isa = PBXBuildFile; fileRef = 70A31C7322676096007291D1 /* LaunchController.swift */; };
		70A31C76226760E4007291D1 /* DashboardController.swift in Sources */ = {isa = PBXBuildFile; fileRef = 70A31C75226760E4007291D1 /* DashboardController.swift */; };
		70A31C7822676550007291D1 /* Wallet.swift in Sources */ = {isa = PBXBuildFile; fileRef = 70A31C7722676550007291D1 /* Wallet.swift */; };
		70A31C7A22676A34007291D1 /* OnboardingController.swift in Sources */ = {isa = PBXBuildFile; fileRef = 70A31C7922676A34007291D1 /* OnboardingController.swift */; };
		70A31C7C22677084007291D1 /* Page1Controller.swift in Sources */ = {isa = PBXBuildFile; fileRef = 70A31C7B22677084007291D1 /* Page1Controller.swift */; };
		70A31C7E22677090007291D1 /* Page2Controller.swift in Sources */ = {isa = PBXBuildFile; fileRef = 70A31C7D22677090007291D1 /* Page2Controller.swift */; };
		70A31C802267709A007291D1 /* Page3Controller.swift in Sources */ = {isa = PBXBuildFile; fileRef = 70A31C7F2267709A007291D1 /* Page3Controller.swift */; };
		70A31C832267810B007291D1 /* TransactionCell.swift in Sources */ = {isa = PBXBuildFile; fileRef = 70A31C822267810B007291D1 /* TransactionCell.swift */; };
		70A31C85226782A0007291D1 /* DashboardHeaderView.swift in Sources */ = {isa = PBXBuildFile; fileRef = 70A31C84226782A0007291D1 /* DashboardHeaderView.swift */; };
		70AD5C3E2279064400A9E164 /* EmptyStateController.swift in Sources */ = {isa = PBXBuildFile; fileRef = 70AD5C3D2279064400A9E164 /* EmptyStateController.swift */; };
		70C82D6622710B7200F627A1 /* PaymentSuccessController.swift in Sources */ = {isa = PBXBuildFile; fileRef = 70C82D6522710B7200F627A1 /* PaymentSuccessController.swift */; };
		70C82D68227113A100F627A1 /* Assets.xcassets in Resources */ = {isa = PBXBuildFile; fileRef = 70C82D67227113A100F627A1 /* Assets.xcassets */; };
		70E0A482228486C40002CBF3 /* CustomQRCodeController.swift in Sources */ = {isa = PBXBuildFile; fileRef = 70E0A481228486C40002CBF3 /* CustomQRCodeController.swift */; };
		834EB4074D28F39898252A8C /* Pods_PokettoUITests.framework in Frameworks */ = {isa = PBXBuildFile; fileRef = B253EE3970DACFA3540D4AD0 /* Pods_PokettoUITests.framework */; };
		AE32744C8439029411C7066A /* Pods_PokettoTests.framework in Frameworks */ = {isa = PBXBuildFile; fileRef = E6C161CEAAECB034BD6C623E /* Pods_PokettoTests.framework */; };
		DD251A232282E79900F1D781 /* Transaction.swift in Sources */ = {isa = PBXBuildFile; fileRef = DD251A222282E79900F1D781 /* Transaction.swift */; };
		DD8FADDF227A50FC00851827 /* UITextViewWithDoneButton.swift in Sources */ = {isa = PBXBuildFile; fileRef = DD8FADDE227A50FC00851827 /* UITextViewWithDoneButton.swift */; };
		DD9826F12279FD84003CB0ED /* ImportSeedController.swift in Sources */ = {isa = PBXBuildFile; fileRef = DD9826F02279FD84003CB0ED /* ImportSeedController.swift */; };
		DD9826F3227A008D003CB0ED /* SettingsNavigationController.swift in Sources */ = {isa = PBXBuildFile; fileRef = DD9826F2227A008D003CB0ED /* SettingsNavigationController.swift */; };
		DDAE1F582255234C00D30A8C /* AppDelegate.swift in Sources */ = {isa = PBXBuildFile; fileRef = DDAE1F572255234C00D30A8C /* AppDelegate.swift */; };
		DDAE1F5D2255234C00D30A8C /* Main.storyboard in Resources */ = {isa = PBXBuildFile; fileRef = DDAE1F5B2255234C00D30A8C /* Main.storyboard */; };
		DDAE1F622255234D00D30A8C /* LaunchScreen.storyboard in Resources */ = {isa = PBXBuildFile; fileRef = DDAE1F602255234D00D30A8C /* LaunchScreen.storyboard */; };
		DDAE1F6D2255234D00D30A8C /* PokettoTests.swift in Sources */ = {isa = PBXBuildFile; fileRef = DDAE1F6C2255234D00D30A8C /* PokettoTests.swift */; };
		DDAE1F782255234D00D30A8C /* PokettoUITests.swift in Sources */ = {isa = PBXBuildFile; fileRef = DDAE1F772255234D00D30A8C /* PokettoUITests.swift */; };
		DDB50445225CC6EF005B3DE0 /* Explorer.swift in Sources */ = {isa = PBXBuildFile; fileRef = DDB50444225CC6EF005B3DE0 /* Explorer.swift */; };
/* End PBXBuildFile section */

/* Begin PBXContainerItemProxy section */
		DDAE1F692255234D00D30A8C /* PBXContainerItemProxy */ = {
			isa = PBXContainerItemProxy;
			containerPortal = DDAE1F4C2255234B00D30A8C /* Project object */;
			proxyType = 1;
			remoteGlobalIDString = DDAE1F532255234C00D30A8C;
			remoteInfo = Poketto;
		};
		DDAE1F742255234D00D30A8C /* PBXContainerItemProxy */ = {
			isa = PBXContainerItemProxy;
			containerPortal = DDAE1F4C2255234B00D30A8C /* Project object */;
			proxyType = 1;
			remoteGlobalIDString = DDAE1F532255234C00D30A8C;
			remoteInfo = Poketto;
		};
/* End PBXContainerItemProxy section */

/* Begin PBXFileReference section */
		1BB705613E84BCFB97EA9BDD /* Pods-Poketto.debug.xcconfig */ = {isa = PBXFileReference; includeInIndex = 1; lastKnownFileType = text.xcconfig; name = "Pods-Poketto.debug.xcconfig"; path = "Target Support Files/Pods-Poketto/Pods-Poketto.debug.xcconfig"; sourceTree = "<group>"; };
		42A2196B6BC317ADF6BD8E6E /* Pods_Poketto.framework */ = {isa = PBXFileReference; explicitFileType = wrapper.framework; includeInIndex = 0; path = Pods_Poketto.framework; sourceTree = BUILT_PRODUCTS_DIR; };
		657300FE228F1011003BE6D2 /* Page4Controller.swift */ = {isa = PBXFileReference; lastKnownFileType = sourcecode.swift; path = Page4Controller.swift; sourceTree = "<group>"; };
		65C5CD0E2296DFB500C2221A /* TapAndCopyLabel.swift */ = {isa = PBXFileReference; lastKnownFileType = sourcecode.swift; path = TapAndCopyLabel.swift; sourceTree = "<group>"; };
		65DE5CC32297F8DF00109C29 /* DashboardHeaderDayView.swift */ = {isa = PBXFileReference; lastKnownFileType = sourcecode.swift; path = DashboardHeaderDayView.swift; sourceTree = "<group>"; };
		65DE5CC42297F8DF00109C29 /* DashboardHeaderDayView.xib */ = {isa = PBXFileReference; lastKnownFileType = file.xib; path = DashboardHeaderDayView.xib; sourceTree = "<group>"; };
		65DE5CC8229802A600109C29 /* ArrayUtils.swift */ = {isa = PBXFileReference; lastKnownFileType = sourcecode.swift; path = ArrayUtils.swift; sourceTree = "<group>"; };
		65FCE76B229F0D0F007E7903 /* PopularContactsCell.swift */ = {isa = PBXFileReference; lastKnownFileType = sourcecode.swift; path = PopularContactsCell.swift; sourceTree = "<group>"; };
		65FCE76D229F0E3F007E7903 /* PopularContactCell.swift */ = {isa = PBXFileReference; lastKnownFileType = sourcecode.swift; path = PopularContactCell.swift; sourceTree = "<group>"; };
		7016B4B622831973000C49B8 /* PaymentDetailsController.swift */ = {isa = PBXFileReference; lastKnownFileType = sourcecode.swift; path = PaymentDetailsController.swift; sourceTree = "<group>"; };
		7047515622CCC35700108B51 /* StringUtils.swift */ = {isa = PBXFileReference; lastKnownFileType = sourcecode.swift; path = StringUtils.swift; sourceTree = "<group>"; };
		7047515822CE660C00108B51 /* SettingsCell.swift */ = {isa = PBXFileReference; lastKnownFileType = sourcecode.swift; path = SettingsCell.swift; sourceTree = "<group>"; };
		7047515A22CE674100108B51 /* BioAccessController.swift */ = {isa = PBXFileReference; lastKnownFileType = sourcecode.swift; path = BioAccessController.swift; sourceTree = "<group>"; };
		70572CD02274A17200297421 /* db.xcdatamodel */ = {isa = PBXFileReference; lastKnownFileType = wrapper.xcdatamodel; path = db.xcdatamodel; sourceTree = "<group>"; };
		7073A69C2280C03800049A2E /* PaymentContactCell.swift */ = {isa = PBXFileReference; lastKnownFileType = sourcecode.swift; path = PaymentContactCell.swift; sourceTree = "<group>"; };
		7073A69E2280C6AA00049A2E /* PaymentContact.swift */ = {isa = PBXFileReference; lastKnownFileType = sourcecode.swift; path = PaymentContact.swift; sourceTree = "<group>"; };
		707DEB93226DD56000F0AD93 /* SettingsController.swift */ = {isa = PBXFileReference; lastKnownFileType = sourcecode.swift; path = SettingsController.swift; sourceTree = "<group>"; };
		707DEB95226F466800F0AD93 /* RequestController.swift */ = {isa = PBXFileReference; lastKnownFileType = sourcecode.swift; path = RequestController.swift; sourceTree = "<group>"; };
		707DEB97226F52A500F0AD93 /* PaymentContactsController.swift */ = {isa = PBXFileReference; lastKnownFileType = sourcecode.swift; path = PaymentContactsController.swift; sourceTree = "<group>"; };
		707DEB99226F52B300F0AD93 /* PaymentSendController.swift */ = {isa = PBXFileReference; lastKnownFileType = sourcecode.swift; path = PaymentSendController.swift; sourceTree = "<group>"; };
		707DEB9B226F572900F0AD93 /* PayOptionCell.swift */ = {isa = PBXFileReference; lastKnownFileType = sourcecode.swift; path = PayOptionCell.swift; sourceTree = "<group>"; };
		707DEB9D226F5BCB00F0AD93 /* PasteCell.swift */ = {isa = PBXFileReference; lastKnownFileType = sourcecode.swift; path = PasteCell.swift; sourceTree = "<group>"; };
		707FB2042275CF2A005B29A2 /* ContactsController.swift */ = {isa = PBXFileReference; lastKnownFileType = sourcecode.swift; path = ContactsController.swift; sourceTree = "<group>"; };
		707FB2072275D061005B29A2 /* PhoneContact.swift */ = {isa = PBXFileReference; lastKnownFileType = sourcecode.swift; path = PhoneContact.swift; sourceTree = "<group>"; };
		707FB2092275D351005B29A2 /* ContactCell.swift */ = {isa = PBXFileReference; lastKnownFileType = sourcecode.swift; path = ContactCell.swift; sourceTree = "<group>"; };
		70A31C7122676082007291D1 /* RootController.swift */ = {isa = PBXFileReference; lastKnownFileType = sourcecode.swift; path = RootController.swift; sourceTree = "<group>"; };
		70A31C7322676096007291D1 /* LaunchController.swift */ = {isa = PBXFileReference; lastKnownFileType = sourcecode.swift; path = LaunchController.swift; sourceTree = "<group>"; };
		70A31C75226760E4007291D1 /* DashboardController.swift */ = {isa = PBXFileReference; lastKnownFileType = sourcecode.swift; path = DashboardController.swift; sourceTree = "<group>"; };
		70A31C7722676550007291D1 /* Wallet.swift */ = {isa = PBXFileReference; lastKnownFileType = sourcecode.swift; path = Wallet.swift; sourceTree = "<group>"; };
		70A31C7922676A34007291D1 /* OnboardingController.swift */ = {isa = PBXFileReference; lastKnownFileType = sourcecode.swift; path = OnboardingController.swift; sourceTree = "<group>"; };
		70A31C7B22677084007291D1 /* Page1Controller.swift */ = {isa = PBXFileReference; lastKnownFileType = sourcecode.swift; path = Page1Controller.swift; sourceTree = "<group>"; };
		70A31C7D22677090007291D1 /* Page2Controller.swift */ = {isa = PBXFileReference; lastKnownFileType = sourcecode.swift; path = Page2Controller.swift; sourceTree = "<group>"; };
		70A31C7F2267709A007291D1 /* Page3Controller.swift */ = {isa = PBXFileReference; lastKnownFileType = sourcecode.swift; path = Page3Controller.swift; sourceTree = "<group>"; };
		70A31C822267810B007291D1 /* TransactionCell.swift */ = {isa = PBXFileReference; lastKnownFileType = sourcecode.swift; path = TransactionCell.swift; sourceTree = "<group>"; };
		70A31C84226782A0007291D1 /* DashboardHeaderView.swift */ = {isa = PBXFileReference; lastKnownFileType = sourcecode.swift; path = DashboardHeaderView.swift; sourceTree = "<group>"; };
		70AD5C3D2279064400A9E164 /* EmptyStateController.swift */ = {isa = PBXFileReference; lastKnownFileType = sourcecode.swift; path = EmptyStateController.swift; sourceTree = "<group>"; };
		70C82D6522710B7200F627A1 /* PaymentSuccessController.swift */ = {isa = PBXFileReference; lastKnownFileType = sourcecode.swift; path = PaymentSuccessController.swift; sourceTree = "<group>"; };
		70C82D67227113A100F627A1 /* Assets.xcassets */ = {isa = PBXFileReference; lastKnownFileType = folder.assetcatalog; path = Assets.xcassets; sourceTree = "<group>"; };
		70E0A481228486C40002CBF3 /* CustomQRCodeController.swift */ = {isa = PBXFileReference; lastKnownFileType = sourcecode.swift; path = CustomQRCodeController.swift; sourceTree = "<group>"; };
		A7366CF0787387400EB702E3 /* Pods-PokettoUITests.release.xcconfig */ = {isa = PBXFileReference; includeInIndex = 1; lastKnownFileType = text.xcconfig; name = "Pods-PokettoUITests.release.xcconfig"; path = "Target Support Files/Pods-PokettoUITests/Pods-PokettoUITests.release.xcconfig"; sourceTree = "<group>"; };
		B253EE3970DACFA3540D4AD0 /* Pods_PokettoUITests.framework */ = {isa = PBXFileReference; explicitFileType = wrapper.framework; includeInIndex = 0; path = Pods_PokettoUITests.framework; sourceTree = BUILT_PRODUCTS_DIR; };
		B637010F76D280B41A32B36F /* Pods-PokettoTests.debug.xcconfig */ = {isa = PBXFileReference; includeInIndex = 1; lastKnownFileType = text.xcconfig; name = "Pods-PokettoTests.debug.xcconfig"; path = "Target Support Files/Pods-PokettoTests/Pods-PokettoTests.debug.xcconfig"; sourceTree = "<group>"; };
		C495E1192C0D8AE1A69360A2 /* Pods-PokettoTests.release.xcconfig */ = {isa = PBXFileReference; includeInIndex = 1; lastKnownFileType = text.xcconfig; name = "Pods-PokettoTests.release.xcconfig"; path = "Target Support Files/Pods-PokettoTests/Pods-PokettoTests.release.xcconfig"; sourceTree = "<group>"; };
		CB0977AB6DCC1765E5885B9A /* Pods-PokettoUITests.debug.xcconfig */ = {isa = PBXFileReference; includeInIndex = 1; lastKnownFileType = text.xcconfig; name = "Pods-PokettoUITests.debug.xcconfig"; path = "Target Support Files/Pods-PokettoUITests/Pods-PokettoUITests.debug.xcconfig"; sourceTree = "<group>"; };
		DD251A222282E79900F1D781 /* Transaction.swift */ = {isa = PBXFileReference; lastKnownFileType = sourcecode.swift; path = Transaction.swift; sourceTree = "<group>"; };
		DD8FADDE227A50FC00851827 /* UITextViewWithDoneButton.swift */ = {isa = PBXFileReference; lastKnownFileType = sourcecode.swift; path = UITextViewWithDoneButton.swift; sourceTree = "<group>"; };
		DD9826F02279FD84003CB0ED /* ImportSeedController.swift */ = {isa = PBXFileReference; lastKnownFileType = sourcecode.swift; path = ImportSeedController.swift; sourceTree = "<group>"; };
		DD9826F2227A008D003CB0ED /* SettingsNavigationController.swift */ = {isa = PBXFileReference; lastKnownFileType = sourcecode.swift; path = SettingsNavigationController.swift; sourceTree = "<group>"; };
		DDAE1F542255234C00D30A8C /* Poketto.app */ = {isa = PBXFileReference; explicitFileType = wrapper.application; includeInIndex = 0; path = Poketto.app; sourceTree = BUILT_PRODUCTS_DIR; };
		DDAE1F572255234C00D30A8C /* AppDelegate.swift */ = {isa = PBXFileReference; lastKnownFileType = sourcecode.swift; path = AppDelegate.swift; sourceTree = "<group>"; };
		DDAE1F5C2255234C00D30A8C /* Base */ = {isa = PBXFileReference; lastKnownFileType = file.storyboard; name = Base; path = Base.lproj/Main.storyboard; sourceTree = "<group>"; };
		DDAE1F612255234D00D30A8C /* Base */ = {isa = PBXFileReference; lastKnownFileType = file.storyboard; name = Base; path = Base.lproj/LaunchScreen.storyboard; sourceTree = "<group>"; };
		DDAE1F632255234D00D30A8C /* Info.plist */ = {isa = PBXFileReference; lastKnownFileType = text.plist.xml; path = Info.plist; sourceTree = "<group>"; };
		DDAE1F682255234D00D30A8C /* PokettoTests.xctest */ = {isa = PBXFileReference; explicitFileType = wrapper.cfbundle; includeInIndex = 0; path = PokettoTests.xctest; sourceTree = BUILT_PRODUCTS_DIR; };
		DDAE1F6C2255234D00D30A8C /* PokettoTests.swift */ = {isa = PBXFileReference; lastKnownFileType = sourcecode.swift; path = PokettoTests.swift; sourceTree = "<group>"; };
		DDAE1F6E2255234D00D30A8C /* Info.plist */ = {isa = PBXFileReference; lastKnownFileType = text.plist.xml; path = Info.plist; sourceTree = "<group>"; };
		DDAE1F732255234D00D30A8C /* PokettoUITests.xctest */ = {isa = PBXFileReference; explicitFileType = wrapper.cfbundle; includeInIndex = 0; path = PokettoUITests.xctest; sourceTree = BUILT_PRODUCTS_DIR; };
		DDAE1F772255234D00D30A8C /* PokettoUITests.swift */ = {isa = PBXFileReference; lastKnownFileType = sourcecode.swift; path = PokettoUITests.swift; sourceTree = "<group>"; };
		DDAE1F792255234D00D30A8C /* Info.plist */ = {isa = PBXFileReference; lastKnownFileType = text.plist.xml; path = Info.plist; sourceTree = "<group>"; };
		DDB50444225CC6EF005B3DE0 /* Explorer.swift */ = {isa = PBXFileReference; lastKnownFileType = sourcecode.swift; path = Explorer.swift; sourceTree = "<group>"; };
		E6C161CEAAECB034BD6C623E /* Pods_PokettoTests.framework */ = {isa = PBXFileReference; explicitFileType = wrapper.framework; includeInIndex = 0; path = Pods_PokettoTests.framework; sourceTree = BUILT_PRODUCTS_DIR; };
		F16406E9285BF41CC8D0C9C4 /* Pods-Poketto.release.xcconfig */ = {isa = PBXFileReference; includeInIndex = 1; lastKnownFileType = text.xcconfig; name = "Pods-Poketto.release.xcconfig"; path = "Target Support Files/Pods-Poketto/Pods-Poketto.release.xcconfig"; sourceTree = "<group>"; };
/* End PBXFileReference section */

/* Begin PBXFrameworksBuildPhase section */
		DDAE1F512255234C00D30A8C /* Frameworks */ = {
			isa = PBXFrameworksBuildPhase;
			buildActionMask = 2147483647;
			files = (
				1BD6E5DFF314324206BAE069 /* Pods_Poketto.framework in Frameworks */,
			);
			runOnlyForDeploymentPostprocessing = 0;
		};
		DDAE1F652255234D00D30A8C /* Frameworks */ = {
			isa = PBXFrameworksBuildPhase;
			buildActionMask = 2147483647;
			files = (
				AE32744C8439029411C7066A /* Pods_PokettoTests.framework in Frameworks */,
			);
			runOnlyForDeploymentPostprocessing = 0;
		};
		DDAE1F702255234D00D30A8C /* Frameworks */ = {
			isa = PBXFrameworksBuildPhase;
			buildActionMask = 2147483647;
			files = (
				834EB4074D28F39898252A8C /* Pods_PokettoUITests.framework in Frameworks */,
			);
			runOnlyForDeploymentPostprocessing = 0;
		};
/* End PBXFrameworksBuildPhase section */

/* Begin PBXGroup section */
		65DE5CC72298027F00109C29 /* Utils */ = {
			isa = PBXGroup;
			children = (
				65DE5CC8229802A600109C29 /* ArrayUtils.swift */,
				7047515622CCC35700108B51 /* StringUtils.swift */,
				7047515A22CE674100108B51 /* BioAccessController.swift */,
			);
			path = Utils;
			sourceTree = "<group>";
		};
		70572CCE2274845D00297421 /* Data */ = {
			isa = PBXGroup;
			children = (
				70572CDE2274A58400297421 /* Models */,
				70572CCF2274A17200297421 /* db.xcdatamodeld */,
			);
			path = Data;
			sourceTree = "<group>";
		};
		70572CDE2274A58400297421 /* Models */ = {
			isa = PBXGroup;
			children = (
				70572CDF2274A58B00297421 /* Generated */,
			);
			path = Models;
			sourceTree = "<group>";
		};
		70572CDF2274A58B00297421 /* Generated */ = {
			isa = PBXGroup;
			children = (
			);
			path = Generated;
			sourceTree = "<group>";
		};
		707FB2062275D04E005B29A2 /* Models */ = {
			isa = PBXGroup;
			children = (
				7073A69E2280C6AA00049A2E /* PaymentContact.swift */,
				707FB2072275D061005B29A2 /* PhoneContact.swift */,
				DD251A222282E79900F1D781 /* Transaction.swift */,
			);
			path = Models;
			sourceTree = "<group>";
		};
		70A31C7022676066007291D1 /* Controllers */ = {
			isa = PBXGroup;
			children = (
				70A31C7122676082007291D1 /* RootController.swift */,
				70A31C7322676096007291D1 /* LaunchController.swift */,
				70A31C7922676A34007291D1 /* OnboardingController.swift */,
				70A31C7B22677084007291D1 /* Page1Controller.swift */,
				70A31C7D22677090007291D1 /* Page2Controller.swift */,
				70A31C7F2267709A007291D1 /* Page3Controller.swift */,
				657300FE228F1011003BE6D2 /* Page4Controller.swift */,
				70A31C75226760E4007291D1 /* DashboardController.swift */,
				70AD5C3D2279064400A9E164 /* EmptyStateController.swift */,
				707DEB97226F52A500F0AD93 /* PaymentContactsController.swift */,
				707DEB99226F52B300F0AD93 /* PaymentSendController.swift */,
				70C82D6522710B7200F627A1 /* PaymentSuccessController.swift */,
				7016B4B622831973000C49B8 /* PaymentDetailsController.swift */,
				DD9826F2227A008D003CB0ED /* SettingsNavigationController.swift */,
				707DEB93226DD56000F0AD93 /* SettingsController.swift */,
				DD9826F02279FD84003CB0ED /* ImportSeedController.swift */,
				707DEB95226F466800F0AD93 /* RequestController.swift */,
				707FB2042275CF2A005B29A2 /* ContactsController.swift */,
				70E0A481228486C40002CBF3 /* CustomQRCodeController.swift */,
			);
			path = Controllers;
			sourceTree = "<group>";
		};
		70A31C81226780ED007291D1 /* Views */ = {
			isa = PBXGroup;
			children = (
				70A31C84226782A0007291D1 /* DashboardHeaderView.swift */,
				707DEB9D226F5BCB00F0AD93 /* PasteCell.swift */,
				707DEB9B226F572900F0AD93 /* PayOptionCell.swift */,
				70A31C822267810B007291D1 /* TransactionCell.swift */,
				707FB2092275D351005B29A2 /* ContactCell.swift */,
				7073A69C2280C03800049A2E /* PaymentContactCell.swift */,
				65FCE76B229F0D0F007E7903 /* PopularContactsCell.swift */,
				65FCE76D229F0E3F007E7903 /* PopularContactCell.swift */,
				DD8FADDE227A50FC00851827 /* UITextViewWithDoneButton.swift */,
				65C5CD0E2296DFB500C2221A /* TapAndCopyLabel.swift */,
				65DE5CC32297F8DF00109C29 /* DashboardHeaderDayView.swift */,
				65DE5CC42297F8DF00109C29 /* DashboardHeaderDayView.xib */,
				7047515822CE660C00108B51 /* SettingsCell.swift */,
			);
			path = Views;
			sourceTree = "<group>";
		};
		DDAE1F4B2255234B00D30A8C = {
			isa = PBXGroup;
			children = (
				DDAE1F562255234C00D30A8C /* Poketto */,
				DDAE1F6B2255234D00D30A8C /* PokettoTests */,
				DDAE1F762255234D00D30A8C /* PokettoUITests */,
				DDAE1F552255234C00D30A8C /* Products */,
				F3ED0823E6594FA8BF7A89D4 /* Pods */,
				FC7F149A6E646BA62C6E9F5C /* Frameworks */,
			);
			sourceTree = "<group>";
		};
		DDAE1F552255234C00D30A8C /* Products */ = {
			isa = PBXGroup;
			children = (
				DDAE1F542255234C00D30A8C /* Poketto.app */,
				DDAE1F682255234D00D30A8C /* PokettoTests.xctest */,
				DDAE1F732255234D00D30A8C /* PokettoUITests.xctest */,
			);
			name = Products;
			sourceTree = "<group>";
		};
		DDAE1F562255234C00D30A8C /* Poketto */ = {
			isa = PBXGroup;
			children = (
				65DE5CC72298027F00109C29 /* Utils */,
				707FB2062275D04E005B29A2 /* Models */,
				70A31C81226780ED007291D1 /* Views */,
				70A31C7022676066007291D1 /* Controllers */,
				DDB50443225CC50C005B3DE0 /* Services */,
				70572CCE2274845D00297421 /* Data */,
				DDAE1F572255234C00D30A8C /* AppDelegate.swift */,
				DDAE1F5B2255234C00D30A8C /* Main.storyboard */,
				DDAE1F602255234D00D30A8C /* LaunchScreen.storyboard */,
				70C82D67227113A100F627A1 /* Assets.xcassets */,
				DDAE1F632255234D00D30A8C /* Info.plist */,
			);
			path = Poketto;
			sourceTree = "<group>";
		};
		DDAE1F6B2255234D00D30A8C /* PokettoTests */ = {
			isa = PBXGroup;
			children = (
				DDAE1F6C2255234D00D30A8C /* PokettoTests.swift */,
				DDAE1F6E2255234D00D30A8C /* Info.plist */,
			);
			path = PokettoTests;
			sourceTree = "<group>";
		};
		DDAE1F762255234D00D30A8C /* PokettoUITests */ = {
			isa = PBXGroup;
			children = (
				DDAE1F772255234D00D30A8C /* PokettoUITests.swift */,
				DDAE1F792255234D00D30A8C /* Info.plist */,
			);
			path = PokettoUITests;
			sourceTree = "<group>";
		};
		DDB50443225CC50C005B3DE0 /* Services */ = {
			isa = PBXGroup;
			children = (
				DDB50444225CC6EF005B3DE0 /* Explorer.swift */,
				70A31C7722676550007291D1 /* Wallet.swift */,
			);
			path = Services;
			sourceTree = "<group>";
		};
		F3ED0823E6594FA8BF7A89D4 /* Pods */ = {
			isa = PBXGroup;
			children = (
				1BB705613E84BCFB97EA9BDD /* Pods-Poketto.debug.xcconfig */,
				F16406E9285BF41CC8D0C9C4 /* Pods-Poketto.release.xcconfig */,
				B637010F76D280B41A32B36F /* Pods-PokettoTests.debug.xcconfig */,
				C495E1192C0D8AE1A69360A2 /* Pods-PokettoTests.release.xcconfig */,
				CB0977AB6DCC1765E5885B9A /* Pods-PokettoUITests.debug.xcconfig */,
				A7366CF0787387400EB702E3 /* Pods-PokettoUITests.release.xcconfig */,
			);
			path = Pods;
			sourceTree = "<group>";
		};
		FC7F149A6E646BA62C6E9F5C /* Frameworks */ = {
			isa = PBXGroup;
			children = (
				42A2196B6BC317ADF6BD8E6E /* Pods_Poketto.framework */,
				E6C161CEAAECB034BD6C623E /* Pods_PokettoTests.framework */,
				B253EE3970DACFA3540D4AD0 /* Pods_PokettoUITests.framework */,
			);
			name = Frameworks;
			sourceTree = "<group>";
		};
/* End PBXGroup section */

/* Begin PBXNativeTarget section */
		DDAE1F532255234C00D30A8C /* Poketto */ = {
			isa = PBXNativeTarget;
			buildConfigurationList = DDAE1F7C2255234D00D30A8C /* Build configuration list for PBXNativeTarget "Poketto" */;
			buildPhases = (
				9D1F521B9D719C8B0074D0FF /* [CP] Check Pods Manifest.lock */,
				DDAE1F502255234C00D30A8C /* Sources */,
				DDAE1F512255234C00D30A8C /* Frameworks */,
				DDAE1F522255234C00D30A8C /* Resources */,
				70572CD82274A38A00297421 /* ShellScript */,
				8CCC20635760C377C8ECDE71 /* [CP] Embed Pods Frameworks */,
			);
			buildRules = (
			);
			dependencies = (
			);
			name = Poketto;
			productName = Poketto;
			productReference = DDAE1F542255234C00D30A8C /* Poketto.app */;
			productType = "com.apple.product-type.application";
		};
		DDAE1F672255234D00D30A8C /* PokettoTests */ = {
			isa = PBXNativeTarget;
			buildConfigurationList = DDAE1F7F2255234D00D30A8C /* Build configuration list for PBXNativeTarget "PokettoTests" */;
			buildPhases = (
				B7A32E2F0481919F11D7FC74 /* [CP] Check Pods Manifest.lock */,
				DDAE1F642255234D00D30A8C /* Sources */,
				DDAE1F652255234D00D30A8C /* Frameworks */,
				DDAE1F662255234D00D30A8C /* Resources */,
			);
			buildRules = (
			);
			dependencies = (
				DDAE1F6A2255234D00D30A8C /* PBXTargetDependency */,
			);
			name = PokettoTests;
			productName = PokettoTests;
			productReference = DDAE1F682255234D00D30A8C /* PokettoTests.xctest */;
			productType = "com.apple.product-type.bundle.unit-test";
		};
		DDAE1F722255234D00D30A8C /* PokettoUITests */ = {
			isa = PBXNativeTarget;
			buildConfigurationList = DDAE1F822255234D00D30A8C /* Build configuration list for PBXNativeTarget "PokettoUITests" */;
			buildPhases = (
				1BE59DD6CF16174BBB525025 /* [CP] Check Pods Manifest.lock */,
				DDAE1F6F2255234D00D30A8C /* Sources */,
				DDAE1F702255234D00D30A8C /* Frameworks */,
				DDAE1F712255234D00D30A8C /* Resources */,
			);
			buildRules = (
			);
			dependencies = (
				DDAE1F752255234D00D30A8C /* PBXTargetDependency */,
			);
			name = PokettoUITests;
			productName = PokettoUITests;
			productReference = DDAE1F732255234D00D30A8C /* PokettoUITests.xctest */;
			productType = "com.apple.product-type.bundle.ui-testing";
		};
/* End PBXNativeTarget section */

/* Begin PBXProject section */
		DDAE1F4C2255234B00D30A8C /* Project object */ = {
			isa = PBXProject;
			attributes = {
				LastSwiftUpdateCheck = 1010;
				LastUpgradeCheck = 1010;
				ORGANIZATIONNAME = Poketto;
				TargetAttributes = {
					DDAE1F532255234C00D30A8C = {
						CreatedOnToolsVersion = 10.1;
					};
					DDAE1F672255234D00D30A8C = {
						CreatedOnToolsVersion = 10.1;
						TestTargetID = DDAE1F532255234C00D30A8C;
					};
					DDAE1F722255234D00D30A8C = {
						CreatedOnToolsVersion = 10.1;
						TestTargetID = DDAE1F532255234C00D30A8C;
					};
				};
			};
			buildConfigurationList = DDAE1F4F2255234B00D30A8C /* Build configuration list for PBXProject "Poketto" */;
			compatibilityVersion = "Xcode 9.3";
			developmentRegion = en;
			hasScannedForEncodings = 0;
			knownRegions = (
				en,
				Base,
			);
			mainGroup = DDAE1F4B2255234B00D30A8C;
			productRefGroup = DDAE1F552255234C00D30A8C /* Products */;
			projectDirPath = "";
			projectRoot = "";
			targets = (
				DDAE1F532255234C00D30A8C /* Poketto */,
				DDAE1F672255234D00D30A8C /* PokettoTests */,
				DDAE1F722255234D00D30A8C /* PokettoUITests */,
			);
		};
/* End PBXProject section */

/* Begin PBXResourcesBuildPhase section */
		DDAE1F522255234C00D30A8C /* Resources */ = {
			isa = PBXResourcesBuildPhase;
			buildActionMask = 2147483647;
			files = (
				DDAE1F622255234D00D30A8C /* LaunchScreen.storyboard in Resources */,
				65DE5CC62297F8DF00109C29 /* DashboardHeaderDayView.xib in Resources */,
				70C82D68227113A100F627A1 /* Assets.xcassets in Resources */,
				DDAE1F5D2255234C00D30A8C /* Main.storyboard in Resources */,
			);
			runOnlyForDeploymentPostprocessing = 0;
		};
		DDAE1F662255234D00D30A8C /* Resources */ = {
			isa = PBXResourcesBuildPhase;
			buildActionMask = 2147483647;
			files = (
			);
			runOnlyForDeploymentPostprocessing = 0;
		};
		DDAE1F712255234D00D30A8C /* Resources */ = {
			isa = PBXResourcesBuildPhase;
			buildActionMask = 2147483647;
			files = (
			);
			runOnlyForDeploymentPostprocessing = 0;
		};
/* End PBXResourcesBuildPhase section */

/* Begin PBXShellScriptBuildPhase section */
		1BE59DD6CF16174BBB525025 /* [CP] Check Pods Manifest.lock */ = {
			isa = PBXShellScriptBuildPhase;
			buildActionMask = 2147483647;
			files = (
			);
			inputFileListPaths = (
			);
			inputPaths = (
				"${PODS_PODFILE_DIR_PATH}/Podfile.lock",
				"${PODS_ROOT}/Manifest.lock",
			);
			name = "[CP] Check Pods Manifest.lock";
			outputFileListPaths = (
			);
			outputPaths = (
				"$(DERIVED_FILE_DIR)/Pods-PokettoUITests-checkManifestLockResult.txt",
			);
			runOnlyForDeploymentPostprocessing = 0;
			shellPath = /bin/sh;
			shellScript = "diff \"${PODS_PODFILE_DIR_PATH}/Podfile.lock\" \"${PODS_ROOT}/Manifest.lock\" > /dev/null\nif [ $? != 0 ] ; then\n    # print error to STDERR\n    echo \"error: The sandbox is not in sync with the Podfile.lock. Run 'pod install' or update your CocoaPods installation.\" >&2\n    exit 1\nfi\n# This output is used by Xcode 'outputs' to avoid re-running this script phase.\necho \"SUCCESS\" > \"${SCRIPT_OUTPUT_FILE_0}\"\n";
			showEnvVarsInLog = 0;
		};
		70572CD82274A38A00297421 /* ShellScript */ = {
			isa = PBXShellScriptBuildPhase;
			buildActionMask = 2147483647;
			files = (
			);
			inputFileListPaths = (
			);
			inputPaths = (
			);
			outputFileListPaths = (
			);
			outputPaths = (
			);
			runOnlyForDeploymentPostprocessing = 0;
			shellPath = /bin/sh;
			shellScript = "# Type a script or drag a script file from your workspace to insert its path.\n# mogenerator -m Poketto/data/db.xcdatamodeld/db.xcdatamodel -O Poketto/data/Models/Generated --swift --template-var arc=true\n";
			showEnvVarsInLog = 0;
		};
		8CCC20635760C377C8ECDE71 /* [CP] Embed Pods Frameworks */ = {
			isa = PBXShellScriptBuildPhase;
			buildActionMask = 2147483647;
			files = (
			);
			inputFileListPaths = (
			);
			inputPaths = (
				"${PODS_ROOT}/Target Support Files/Pods-Poketto/Pods-Poketto-frameworks.sh",
				"${BUILT_PRODUCTS_DIR}/Alamofire/Alamofire.framework",
				"${BUILT_PRODUCTS_DIR}/BigInt/BigInt.framework",
				"${BUILT_PRODUCTS_DIR}/BiometricAuthentication/BiometricAuthentication.framework",
				"${BUILT_PRODUCTS_DIR}/Chester/Chester.framework",
				"${BUILT_PRODUCTS_DIR}/CryptoSwift/CryptoSwift.framework",
				"${BUILT_PRODUCTS_DIR}/MagicalRecord/MagicalRecord.framework",
				"${BUILT_PRODUCTS_DIR}/Presentr/Presentr.framework",
				"${BUILT_PRODUCTS_DIR}/PromiseKit/PromiseKit.framework",
				"${BUILT_PRODUCTS_DIR}/QRCodeReader.swift/QRCodeReader.framework",
				"${BUILT_PRODUCTS_DIR}/SVProgressHUD/SVProgressHUD.framework",
				"${BUILT_PRODUCTS_DIR}/SipHash/SipHash.framework",
				"${BUILT_PRODUCTS_DIR}/Starscream/Starscream.framework",
				"${BUILT_PRODUCTS_DIR}/SwiftKeychainWrapper/SwiftKeychainWrapper.framework",
				"${BUILT_PRODUCTS_DIR}/SwiftyJSON/SwiftyJSON.framework",
				"${BUILT_PRODUCTS_DIR}/secp256k1.c/secp256k1.framework",
				"${BUILT_PRODUCTS_DIR}/web3swift/web3swift.framework",
			);
			name = "[CP] Embed Pods Frameworks";
			outputFileListPaths = (
			);
			outputPaths = (
				"${TARGET_BUILD_DIR}/${FRAMEWORKS_FOLDER_PATH}/Alamofire.framework",
				"${TARGET_BUILD_DIR}/${FRAMEWORKS_FOLDER_PATH}/BigInt.framework",
				"${TARGET_BUILD_DIR}/${FRAMEWORKS_FOLDER_PATH}/BiometricAuthentication.framework",
				"${TARGET_BUILD_DIR}/${FRAMEWORKS_FOLDER_PATH}/Chester.framework",
				"${TARGET_BUILD_DIR}/${FRAMEWORKS_FOLDER_PATH}/CryptoSwift.framework",
				"${TARGET_BUILD_DIR}/${FRAMEWORKS_FOLDER_PATH}/MagicalRecord.framework",
				"${TARGET_BUILD_DIR}/${FRAMEWORKS_FOLDER_PATH}/Presentr.framework",
				"${TARGET_BUILD_DIR}/${FRAMEWORKS_FOLDER_PATH}/PromiseKit.framework",
				"${TARGET_BUILD_DIR}/${FRAMEWORKS_FOLDER_PATH}/QRCodeReader.framework",
				"${TARGET_BUILD_DIR}/${FRAMEWORKS_FOLDER_PATH}/SVProgressHUD.framework",
				"${TARGET_BUILD_DIR}/${FRAMEWORKS_FOLDER_PATH}/SipHash.framework",
				"${TARGET_BUILD_DIR}/${FRAMEWORKS_FOLDER_PATH}/Starscream.framework",
				"${TARGET_BUILD_DIR}/${FRAMEWORKS_FOLDER_PATH}/SwiftKeychainWrapper.framework",
				"${TARGET_BUILD_DIR}/${FRAMEWORKS_FOLDER_PATH}/SwiftyJSON.framework",
				"${TARGET_BUILD_DIR}/${FRAMEWORKS_FOLDER_PATH}/secp256k1.framework",
				"${TARGET_BUILD_DIR}/${FRAMEWORKS_FOLDER_PATH}/web3swift.framework",
			);
			runOnlyForDeploymentPostprocessing = 0;
			shellPath = /bin/sh;
			shellScript = "\"${PODS_ROOT}/Target Support Files/Pods-Poketto/Pods-Poketto-frameworks.sh\"\n";
			showEnvVarsInLog = 0;
		};
		9D1F521B9D719C8B0074D0FF /* [CP] Check Pods Manifest.lock */ = {
			isa = PBXShellScriptBuildPhase;
			buildActionMask = 2147483647;
			files = (
			);
			inputFileListPaths = (
			);
			inputPaths = (
				"${PODS_PODFILE_DIR_PATH}/Podfile.lock",
				"${PODS_ROOT}/Manifest.lock",
			);
			name = "[CP] Check Pods Manifest.lock";
			outputFileListPaths = (
			);
			outputPaths = (
				"$(DERIVED_FILE_DIR)/Pods-Poketto-checkManifestLockResult.txt",
			);
			runOnlyForDeploymentPostprocessing = 0;
			shellPath = /bin/sh;
			shellScript = "diff \"${PODS_PODFILE_DIR_PATH}/Podfile.lock\" \"${PODS_ROOT}/Manifest.lock\" > /dev/null\nif [ $? != 0 ] ; then\n    # print error to STDERR\n    echo \"error: The sandbox is not in sync with the Podfile.lock. Run 'pod install' or update your CocoaPods installation.\" >&2\n    exit 1\nfi\n# This output is used by Xcode 'outputs' to avoid re-running this script phase.\necho \"SUCCESS\" > \"${SCRIPT_OUTPUT_FILE_0}\"\n";
			showEnvVarsInLog = 0;
		};
		B7A32E2F0481919F11D7FC74 /* [CP] Check Pods Manifest.lock */ = {
			isa = PBXShellScriptBuildPhase;
			buildActionMask = 2147483647;
			files = (
			);
			inputFileListPaths = (
			);
			inputPaths = (
				"${PODS_PODFILE_DIR_PATH}/Podfile.lock",
				"${PODS_ROOT}/Manifest.lock",
			);
			name = "[CP] Check Pods Manifest.lock";
			outputFileListPaths = (
			);
			outputPaths = (
				"$(DERIVED_FILE_DIR)/Pods-PokettoTests-checkManifestLockResult.txt",
			);
			runOnlyForDeploymentPostprocessing = 0;
			shellPath = /bin/sh;
			shellScript = "diff \"${PODS_PODFILE_DIR_PATH}/Podfile.lock\" \"${PODS_ROOT}/Manifest.lock\" > /dev/null\nif [ $? != 0 ] ; then\n    # print error to STDERR\n    echo \"error: The sandbox is not in sync with the Podfile.lock. Run 'pod install' or update your CocoaPods installation.\" >&2\n    exit 1\nfi\n# This output is used by Xcode 'outputs' to avoid re-running this script phase.\necho \"SUCCESS\" > \"${SCRIPT_OUTPUT_FILE_0}\"\n";
			showEnvVarsInLog = 0;
		};
/* End PBXShellScriptBuildPhase section */

/* Begin PBXSourcesBuildPhase section */
		DDAE1F502255234C00D30A8C /* Sources */ = {
			isa = PBXSourcesBuildPhase;
			buildActionMask = 2147483647;
			files = (
				DD9826F3227A008D003CB0ED /* SettingsNavigationController.swift in Sources */,
				70A31C7822676550007291D1 /* Wallet.swift in Sources */,
				DDB50445225CC6EF005B3DE0 /* Explorer.swift in Sources */,
				70A31C832267810B007291D1 /* TransactionCell.swift in Sources */,
				7016B4B722831973000C49B8 /* PaymentDetailsController.swift in Sources */,
				707DEB9A226F52B300F0AD93 /* PaymentSendController.swift in Sources */,
				70A31C7422676096007291D1 /* LaunchController.swift in Sources */,
				70A31C7A22676A34007291D1 /* OnboardingController.swift in Sources */,
				DD9826F12279FD84003CB0ED /* ImportSeedController.swift in Sources */,
				65C5CD0F2296DFB500C2221A /* TapAndCopyLabel.swift in Sources */,
				7073A69F2280C6AA00049A2E /* PaymentContact.swift in Sources */,
				707DEB96226F466800F0AD93 /* RequestController.swift in Sources */,
				7073A69D2280C03800049A2E /* PaymentContactCell.swift in Sources */,
				70C82D6622710B7200F627A1 /* PaymentSuccessController.swift in Sources */,
				7047515922CE660D00108B51 /* SettingsCell.swift in Sources */,
				DDAE1F582255234C00D30A8C /* AppDelegate.swift in Sources */,
				70AD5C3E2279064400A9E164 /* EmptyStateController.swift in Sources */,
				DD251A232282E79900F1D781 /* Transaction.swift in Sources */,
				707FB2082275D061005B29A2 /* PhoneContact.swift in Sources */,
				70572CD12274A17200297421 /* db.xcdatamodeld in Sources */,
				65DE5CC9229802A600109C29 /* ArrayUtils.swift in Sources */,
				70A31C85226782A0007291D1 /* DashboardHeaderView.swift in Sources */,
				70A31C76226760E4007291D1 /* DashboardController.swift in Sources */,
				65DE5CC52297F8DF00109C29 /* DashboardHeaderDayView.swift in Sources */,
				70E0A482228486C40002CBF3 /* CustomQRCodeController.swift in Sources */,
				707FB20A2275D351005B29A2 /* ContactCell.swift in Sources */,
				707DEB9E226F5BCB00F0AD93 /* PasteCell.swift in Sources */,
				70A31C802267709A007291D1 /* Page3Controller.swift in Sources */,
				7047515B22CE674100108B51 /* BioAccessController.swift in Sources */,
				7047515722CCC35700108B51 /* StringUtils.swift in Sources */,
				DD8FADDF227A50FC00851827 /* UITextViewWithDoneButton.swift in Sources */,
				65FCE76E229F0E3F007E7903 /* PopularContactCell.swift in Sources */,
				707DEB94226DD56000F0AD93 /* SettingsController.swift in Sources */,
				707FB2052275CF2A005B29A2 /* ContactsController.swift in Sources */,
				70A31C7C22677084007291D1 /* Page1Controller.swift in Sources */,
				70A31C7222676082007291D1 /* RootController.swift in Sources */,
				70A31C7E22677090007291D1 /* Page2Controller.swift in Sources */,
				707DEB98226F52A500F0AD93 /* PaymentContactsController.swift in Sources */,
				707DEB9C226F572900F0AD93 /* PayOptionCell.swift in Sources */,
				65FCE76C229F0D0F007E7903 /* PopularContactsCell.swift in Sources */,
				657300FF228F1011003BE6D2 /* Page4Controller.swift in Sources */,
			);
			runOnlyForDeploymentPostprocessing = 0;
		};
		DDAE1F642255234D00D30A8C /* Sources */ = {
			isa = PBXSourcesBuildPhase;
			buildActionMask = 2147483647;
			files = (
				DDAE1F6D2255234D00D30A8C /* PokettoTests.swift in Sources */,
			);
			runOnlyForDeploymentPostprocessing = 0;
		};
		DDAE1F6F2255234D00D30A8C /* Sources */ = {
			isa = PBXSourcesBuildPhase;
			buildActionMask = 2147483647;
			files = (
				DDAE1F782255234D00D30A8C /* PokettoUITests.swift in Sources */,
			);
			runOnlyForDeploymentPostprocessing = 0;
		};
/* End PBXSourcesBuildPhase section */

/* Begin PBXTargetDependency section */
		DDAE1F6A2255234D00D30A8C /* PBXTargetDependency */ = {
			isa = PBXTargetDependency;
			target = DDAE1F532255234C00D30A8C /* Poketto */;
			targetProxy = DDAE1F692255234D00D30A8C /* PBXContainerItemProxy */;
		};
		DDAE1F752255234D00D30A8C /* PBXTargetDependency */ = {
			isa = PBXTargetDependency;
			target = DDAE1F532255234C00D30A8C /* Poketto */;
			targetProxy = DDAE1F742255234D00D30A8C /* PBXContainerItemProxy */;
		};
/* End PBXTargetDependency section */

/* Begin PBXVariantGroup section */
		DDAE1F5B2255234C00D30A8C /* Main.storyboard */ = {
			isa = PBXVariantGroup;
			children = (
				DDAE1F5C2255234C00D30A8C /* Base */,
			);
			name = Main.storyboard;
			sourceTree = "<group>";
		};
		DDAE1F602255234D00D30A8C /* LaunchScreen.storyboard */ = {
			isa = PBXVariantGroup;
			children = (
				DDAE1F612255234D00D30A8C /* Base */,
			);
			name = LaunchScreen.storyboard;
			sourceTree = "<group>";
		};
/* End PBXVariantGroup section */

/* Begin XCBuildConfiguration section */
		DDAE1F7A2255234D00D30A8C /* Debug */ = {
			isa = XCBuildConfiguration;
			buildSettings = {
				ALWAYS_SEARCH_USER_PATHS = NO;
				CLANG_ANALYZER_NONNULL = YES;
				CLANG_ANALYZER_NUMBER_OBJECT_CONVERSION = YES_AGGRESSIVE;
				CLANG_CXX_LANGUAGE_STANDARD = "gnu++14";
				CLANG_CXX_LIBRARY = "libc++";
				CLANG_ENABLE_MODULES = YES;
				CLANG_ENABLE_OBJC_ARC = YES;
				CLANG_ENABLE_OBJC_WEAK = YES;
				CLANG_WARN_BLOCK_CAPTURE_AUTORELEASING = YES;
				CLANG_WARN_BOOL_CONVERSION = YES;
				CLANG_WARN_COMMA = YES;
				CLANG_WARN_CONSTANT_CONVERSION = YES;
				CLANG_WARN_DEPRECATED_OBJC_IMPLEMENTATIONS = YES;
				CLANG_WARN_DIRECT_OBJC_ISA_USAGE = YES_ERROR;
				CLANG_WARN_DOCUMENTATION_COMMENTS = YES;
				CLANG_WARN_EMPTY_BODY = YES;
				CLANG_WARN_ENUM_CONVERSION = YES;
				CLANG_WARN_INFINITE_RECURSION = YES;
				CLANG_WARN_INT_CONVERSION = YES;
				CLANG_WARN_NON_LITERAL_NULL_CONVERSION = YES;
				CLANG_WARN_OBJC_IMPLICIT_RETAIN_SELF = YES;
				CLANG_WARN_OBJC_LITERAL_CONVERSION = YES;
				CLANG_WARN_OBJC_ROOT_CLASS = YES_ERROR;
				CLANG_WARN_RANGE_LOOP_ANALYSIS = YES;
				CLANG_WARN_STRICT_PROTOTYPES = YES;
				CLANG_WARN_SUSPICIOUS_MOVE = YES;
				CLANG_WARN_UNGUARDED_AVAILABILITY = YES_AGGRESSIVE;
				CLANG_WARN_UNREACHABLE_CODE = YES;
				CLANG_WARN__DUPLICATE_METHOD_MATCH = YES;
				CODE_SIGN_IDENTITY = "iPhone Developer";
				COPY_PHASE_STRIP = NO;
				DEBUG_INFORMATION_FORMAT = dwarf;
				ENABLE_STRICT_OBJC_MSGSEND = YES;
				ENABLE_TESTABILITY = YES;
				GCC_C_LANGUAGE_STANDARD = gnu11;
				GCC_DYNAMIC_NO_PIC = NO;
				GCC_NO_COMMON_BLOCKS = YES;
				GCC_OPTIMIZATION_LEVEL = 0;
				GCC_PREPROCESSOR_DEFINITIONS = (
					"DEBUG=1",
					"$(inherited)",
				);
				GCC_WARN_64_TO_32_BIT_CONVERSION = YES;
				GCC_WARN_ABOUT_RETURN_TYPE = YES_ERROR;
				GCC_WARN_UNDECLARED_SELECTOR = YES;
				GCC_WARN_UNINITIALIZED_AUTOS = YES_AGGRESSIVE;
				GCC_WARN_UNUSED_FUNCTION = YES;
				GCC_WARN_UNUSED_VARIABLE = YES;
				IPHONEOS_DEPLOYMENT_TARGET = 12.1;
				MTL_ENABLE_DEBUG_INFO = INCLUDE_SOURCE;
				MTL_FAST_MATH = YES;
				ONLY_ACTIVE_ARCH = YES;
				SDKROOT = iphoneos;
				SWIFT_ACTIVE_COMPILATION_CONDITIONS = DEBUG;
				SWIFT_OPTIMIZATION_LEVEL = "-Onone";
			};
			name = Debug;
		};
		DDAE1F7B2255234D00D30A8C /* Release */ = {
			isa = XCBuildConfiguration;
			buildSettings = {
				ALWAYS_SEARCH_USER_PATHS = NO;
				CLANG_ANALYZER_NONNULL = YES;
				CLANG_ANALYZER_NUMBER_OBJECT_CONVERSION = YES_AGGRESSIVE;
				CLANG_CXX_LANGUAGE_STANDARD = "gnu++14";
				CLANG_CXX_LIBRARY = "libc++";
				CLANG_ENABLE_MODULES = YES;
				CLANG_ENABLE_OBJC_ARC = YES;
				CLANG_ENABLE_OBJC_WEAK = YES;
				CLANG_WARN_BLOCK_CAPTURE_AUTORELEASING = YES;
				CLANG_WARN_BOOL_CONVERSION = YES;
				CLANG_WARN_COMMA = YES;
				CLANG_WARN_CONSTANT_CONVERSION = YES;
				CLANG_WARN_DEPRECATED_OBJC_IMPLEMENTATIONS = YES;
				CLANG_WARN_DIRECT_OBJC_ISA_USAGE = YES_ERROR;
				CLANG_WARN_DOCUMENTATION_COMMENTS = YES;
				CLANG_WARN_EMPTY_BODY = YES;
				CLANG_WARN_ENUM_CONVERSION = YES;
				CLANG_WARN_INFINITE_RECURSION = YES;
				CLANG_WARN_INT_CONVERSION = YES;
				CLANG_WARN_NON_LITERAL_NULL_CONVERSION = YES;
				CLANG_WARN_OBJC_IMPLICIT_RETAIN_SELF = YES;
				CLANG_WARN_OBJC_LITERAL_CONVERSION = YES;
				CLANG_WARN_OBJC_ROOT_CLASS = YES_ERROR;
				CLANG_WARN_RANGE_LOOP_ANALYSIS = YES;
				CLANG_WARN_STRICT_PROTOTYPES = YES;
				CLANG_WARN_SUSPICIOUS_MOVE = YES;
				CLANG_WARN_UNGUARDED_AVAILABILITY = YES_AGGRESSIVE;
				CLANG_WARN_UNREACHABLE_CODE = YES;
				CLANG_WARN__DUPLICATE_METHOD_MATCH = YES;
				CODE_SIGN_IDENTITY = "iPhone Developer";
				COPY_PHASE_STRIP = NO;
				DEBUG_INFORMATION_FORMAT = "dwarf-with-dsym";
				ENABLE_NS_ASSERTIONS = NO;
				ENABLE_STRICT_OBJC_MSGSEND = YES;
				GCC_C_LANGUAGE_STANDARD = gnu11;
				GCC_NO_COMMON_BLOCKS = YES;
				GCC_WARN_64_TO_32_BIT_CONVERSION = YES;
				GCC_WARN_ABOUT_RETURN_TYPE = YES_ERROR;
				GCC_WARN_UNDECLARED_SELECTOR = YES;
				GCC_WARN_UNINITIALIZED_AUTOS = YES_AGGRESSIVE;
				GCC_WARN_UNUSED_FUNCTION = YES;
				GCC_WARN_UNUSED_VARIABLE = YES;
				IPHONEOS_DEPLOYMENT_TARGET = 12.1;
				MTL_ENABLE_DEBUG_INFO = NO;
				MTL_FAST_MATH = YES;
				SDKROOT = iphoneos;
				SWIFT_COMPILATION_MODE = wholemodule;
				SWIFT_OPTIMIZATION_LEVEL = "-O";
				VALIDATE_PRODUCT = YES;
			};
			name = Release;
		};
		DDAE1F7D2255234D00D30A8C /* Debug */ = {
			isa = XCBuildConfiguration;
			baseConfigurationReference = 1BB705613E84BCFB97EA9BDD /* Pods-Poketto.debug.xcconfig */;
			buildSettings = {
				ASSETCATALOG_COMPILER_APPICON_NAME = AppIcon;
				CODE_SIGN_STYLE = Automatic;
				DEVELOPMENT_TEAM = 57JMDA279Y;
				INFOPLIST_FILE = Poketto/Info.plist;
				LD_RUNPATH_SEARCH_PATHS = (
					"$(inherited)",
					"@executable_path/Frameworks",
				);
				PRODUCT_BUNDLE_IDENTIFIER = com.poketto.Poketto;
				PRODUCT_NAME = "$(TARGET_NAME)";
				SWIFT_VERSION = 4.2;
				TARGETED_DEVICE_FAMILY = 1;
			};
			name = Debug;
		};
		DDAE1F7E2255234D00D30A8C /* Release */ = {
			isa = XCBuildConfiguration;
			baseConfigurationReference = F16406E9285BF41CC8D0C9C4 /* Pods-Poketto.release.xcconfig */;
			buildSettings = {
				ASSETCATALOG_COMPILER_APPICON_NAME = AppIcon;
				CODE_SIGN_STYLE = Automatic;
				DEVELOPMENT_TEAM = 57JMDA279Y;
				INFOPLIST_FILE = Poketto/Info.plist;
				LD_RUNPATH_SEARCH_PATHS = (
					"$(inherited)",
					"@executable_path/Frameworks",
				);
				PRODUCT_BUNDLE_IDENTIFIER = com.poketto.Poketto;
				PRODUCT_NAME = "$(TARGET_NAME)";
				SWIFT_VERSION = 4.2;
				TARGETED_DEVICE_FAMILY = 1;
			};
			name = Release;
		};
		DDAE1F802255234D00D30A8C /* Debug */ = {
			isa = XCBuildConfiguration;
			baseConfigurationReference = B637010F76D280B41A32B36F /* Pods-PokettoTests.debug.xcconfig */;
			buildSettings = {
				ALWAYS_EMBED_SWIFT_STANDARD_LIBRARIES = YES;
				BUNDLE_LOADER = "$(TEST_HOST)";
				CODE_SIGN_STYLE = Automatic;
				DEVELOPMENT_TEAM = Z7XW95HDSC;
				INFOPLIST_FILE = PokettoTests/Info.plist;
				LD_RUNPATH_SEARCH_PATHS = (
					"$(inherited)",
					"@executable_path/Frameworks",
					"@loader_path/Frameworks",
				);
				PRODUCT_BUNDLE_IDENTIFIER = com.poketto.PokettoTests;
				PRODUCT_NAME = "$(TARGET_NAME)";
				SWIFT_VERSION = 4.2;
				TARGETED_DEVICE_FAMILY = "1,2";
				TEST_HOST = "$(BUILT_PRODUCTS_DIR)/Poketto.app/Poketto";
			};
			name = Debug;
		};
		DDAE1F812255234D00D30A8C /* Release */ = {
			isa = XCBuildConfiguration;
			baseConfigurationReference = C495E1192C0D8AE1A69360A2 /* Pods-PokettoTests.release.xcconfig */;
			buildSettings = {
				ALWAYS_EMBED_SWIFT_STANDARD_LIBRARIES = YES;
				BUNDLE_LOADER = "$(TEST_HOST)";
				CODE_SIGN_STYLE = Automatic;
				DEVELOPMENT_TEAM = Z7XW95HDSC;
				INFOPLIST_FILE = PokettoTests/Info.plist;
				LD_RUNPATH_SEARCH_PATHS = (
					"$(inherited)",
					"@executable_path/Frameworks",
					"@loader_path/Frameworks",
				);
				PRODUCT_BUNDLE_IDENTIFIER = com.poketto.PokettoTests;
				PRODUCT_NAME = "$(TARGET_NAME)";
				SWIFT_VERSION = 4.2;
				TARGETED_DEVICE_FAMILY = "1,2";
				TEST_HOST = "$(BUILT_PRODUCTS_DIR)/Poketto.app/Poketto";
			};
			name = Release;
		};
		DDAE1F832255234D00D30A8C /* Debug */ = {
			isa = XCBuildConfiguration;
			baseConfigurationReference = CB0977AB6DCC1765E5885B9A /* Pods-PokettoUITests.debug.xcconfig */;
			buildSettings = {
				ALWAYS_EMBED_SWIFT_STANDARD_LIBRARIES = YES;
				CODE_SIGN_STYLE = Automatic;
				DEVELOPMENT_TEAM = Z7XW95HDSC;
				INFOPLIST_FILE = PokettoUITests/Info.plist;
				LD_RUNPATH_SEARCH_PATHS = (
					"$(inherited)",
					"@executable_path/Frameworks",
					"@loader_path/Frameworks",
				);
				PRODUCT_BUNDLE_IDENTIFIER = com.poketto.PokettoUITests;
				PRODUCT_NAME = "$(TARGET_NAME)";
				SWIFT_VERSION = 4.2;
				TARGETED_DEVICE_FAMILY = "1,2";
				TEST_TARGET_NAME = Poketto;
			};
			name = Debug;
		};
		DDAE1F842255234D00D30A8C /* Release */ = {
			isa = XCBuildConfiguration;
			baseConfigurationReference = A7366CF0787387400EB702E3 /* Pods-PokettoUITests.release.xcconfig */;
			buildSettings = {
				ALWAYS_EMBED_SWIFT_STANDARD_LIBRARIES = YES;
				CODE_SIGN_STYLE = Automatic;
				DEVELOPMENT_TEAM = Z7XW95HDSC;
				INFOPLIST_FILE = PokettoUITests/Info.plist;
				LD_RUNPATH_SEARCH_PATHS = (
					"$(inherited)",
					"@executable_path/Frameworks",
					"@loader_path/Frameworks",
				);
				PRODUCT_BUNDLE_IDENTIFIER = com.poketto.PokettoUITests;
				PRODUCT_NAME = "$(TARGET_NAME)";
				SWIFT_VERSION = 4.2;
				TARGETED_DEVICE_FAMILY = "1,2";
				TEST_TARGET_NAME = Poketto;
			};
			name = Release;
		};
/* End XCBuildConfiguration section */

/* Begin XCConfigurationList section */
		DDAE1F4F2255234B00D30A8C /* Build configuration list for PBXProject "Poketto" */ = {
			isa = XCConfigurationList;
			buildConfigurations = (
				DDAE1F7A2255234D00D30A8C /* Debug */,
				DDAE1F7B2255234D00D30A8C /* Release */,
			);
			defaultConfigurationIsVisible = 0;
			defaultConfigurationName = Release;
		};
		DDAE1F7C2255234D00D30A8C /* Build configuration list for PBXNativeTarget "Poketto" */ = {
			isa = XCConfigurationList;
			buildConfigurations = (
				DDAE1F7D2255234D00D30A8C /* Debug */,
				DDAE1F7E2255234D00D30A8C /* Release */,
			);
			defaultConfigurationIsVisible = 0;
			defaultConfigurationName = Release;
		};
		DDAE1F7F2255234D00D30A8C /* Build configuration list for PBXNativeTarget "PokettoTests" */ = {
			isa = XCConfigurationList;
			buildConfigurations = (
				DDAE1F802255234D00D30A8C /* Debug */,
				DDAE1F812255234D00D30A8C /* Release */,
			);
			defaultConfigurationIsVisible = 0;
			defaultConfigurationName = Release;
		};
		DDAE1F822255234D00D30A8C /* Build configuration list for PBXNativeTarget "PokettoUITests" */ = {
			isa = XCConfigurationList;
			buildConfigurations = (
				DDAE1F832255234D00D30A8C /* Debug */,
				DDAE1F842255234D00D30A8C /* Release */,
			);
			defaultConfigurationIsVisible = 0;
			defaultConfigurationName = Release;
		};
/* End XCConfigurationList section */

/* Begin XCVersionGroup section */
		70572CCF2274A17200297421 /* db.xcdatamodeld */ = {
			isa = XCVersionGroup;
			children = (
				70572CD02274A17200297421 /* db.xcdatamodel */,
			);
			currentVersion = 70572CD02274A17200297421 /* db.xcdatamodel */;
			path = db.xcdatamodeld;
			sourceTree = "<group>";
			versionGroupType = wrapper.xcdatamodel;
		};
/* End XCVersionGroup section */
	};
	rootObject = DDAE1F4C2255234B00D30A8C /* Project object */;
}
