// !$*UTF8*$!
{
	archiveVersion = 1;
	classes = {
	};
	objectVersion = 50;
	objects = {

/* Begin PBXBuildFile section */
		1879AFCAC7E17D3AA752AA0C /* Pods_PokettoTests.framework in Frameworks */ = {isa = PBXBuildFile; fileRef = 4E75285DDEAD6CD4FD3FCC28 /* Pods_PokettoTests.framework */; };
		239C8B6D8C0C79E902619370 /* Pods_PokettoUITests.framework in Frameworks */ = {isa = PBXBuildFile; fileRef = 9D52EC7AF6843B272DF9DECA /* Pods_PokettoUITests.framework */; };
		70A31C7222676082007291D1 /* RootController.swift in Sources */ = {isa = PBXBuildFile; fileRef = 70A31C7122676082007291D1 /* RootController.swift */; };
		70A31C7422676096007291D1 /* LaunchController.swift in Sources */ = {isa = PBXBuildFile; fileRef = 70A31C7322676096007291D1 /* LaunchController.swift */; };
		70A31C76226760E4007291D1 /* DashboardController.swift in Sources */ = {isa = PBXBuildFile; fileRef = 70A31C75226760E4007291D1 /* DashboardController.swift */; };
		70A31C7822676550007291D1 /* Wallet.swift in Sources */ = {isa = PBXBuildFile; fileRef = 70A31C7722676550007291D1 /* Wallet.swift */; };
		70A31C7A22676A34007291D1 /* OnboardingController.swift in Sources */ = {isa = PBXBuildFile; fileRef = 70A31C7922676A34007291D1 /* OnboardingController.swift */; };
		70A31C7C22677084007291D1 /* Page1Controller.swift in Sources */ = {isa = PBXBuildFile; fileRef = 70A31C7B22677084007291D1 /* Page1Controller.swift */; };
		70A31C7E22677090007291D1 /* Page2Controller.swift in Sources */ = {isa = PBXBuildFile; fileRef = 70A31C7D22677090007291D1 /* Page2Controller.swift */; };
		70A31C802267709A007291D1 /* Page3Controller.swift in Sources */ = {isa = PBXBuildFile; fileRef = 70A31C7F2267709A007291D1 /* Page3Controller.swift */; };
		70A31C832267810B007291D1 /* TransactionCell.swift in Sources */ = {isa = PBXBuildFile; fileRef = 70A31C822267810B007291D1 /* TransactionCell.swift */; };
		70A31C85226782A0007291D1 /* DashboardHeaderView.swift in Sources */ = {isa = PBXBuildFile; fileRef = 70A31C84226782A0007291D1 /* DashboardHeaderView.swift */; };
		A136120CCE27E06D8541DB17 /* Pods_Poketto.framework in Frameworks */ = {isa = PBXBuildFile; fileRef = 184E4C91EB2B14C9091ED422 /* Pods_Poketto.framework */; };
		DDAE1F582255234C00D30A8C /* AppDelegate.swift in Sources */ = {isa = PBXBuildFile; fileRef = DDAE1F572255234C00D30A8C /* AppDelegate.swift */; };
		DDAE1F5A2255234C00D30A8C /* ViewController.swift in Sources */ = {isa = PBXBuildFile; fileRef = DDAE1F592255234C00D30A8C /* ViewController.swift */; };
		DDAE1F5D2255234C00D30A8C /* Main.storyboard in Resources */ = {isa = PBXBuildFile; fileRef = DDAE1F5B2255234C00D30A8C /* Main.storyboard */; };
		DDAE1F5F2255234D00D30A8C /* Assets.xcassets in Resources */ = {isa = PBXBuildFile; fileRef = DDAE1F5E2255234D00D30A8C /* Assets.xcassets */; };
		DDAE1F622255234D00D30A8C /* LaunchScreen.storyboard in Resources */ = {isa = PBXBuildFile; fileRef = DDAE1F602255234D00D30A8C /* LaunchScreen.storyboard */; };
		DDAE1F6D2255234D00D30A8C /* PokettoTests.swift in Sources */ = {isa = PBXBuildFile; fileRef = DDAE1F6C2255234D00D30A8C /* PokettoTests.swift */; };
		DDAE1F782255234D00D30A8C /* PokettoUITests.swift in Sources */ = {isa = PBXBuildFile; fileRef = DDAE1F772255234D00D30A8C /* PokettoUITests.swift */; };
		DDB50445225CC6EF005B3DE0 /* Explorer.swift in Sources */ = {isa = PBXBuildFile; fileRef = DDB50444225CC6EF005B3DE0 /* Explorer.swift */; };
/* End PBXBuildFile section */

/* Begin PBXContainerItemProxy section */
		DDAE1F692255234D00D30A8C /* PBXContainerItemProxy */ = {
			isa = PBXContainerItemProxy;
			containerPortal = DDAE1F4C2255234B00D30A8C /* Project object */;
			proxyType = 1;
			remoteGlobalIDString = DDAE1F532255234C00D30A8C;
			remoteInfo = Poketto;
		};
		DDAE1F742255234D00D30A8C /* PBXContainerItemProxy */ = {
			isa = PBXContainerItemProxy;
			containerPortal = DDAE1F4C2255234B00D30A8C /* Project object */;
			proxyType = 1;
			remoteGlobalIDString = DDAE1F532255234C00D30A8C;
			remoteInfo = Poketto;
		};
/* End PBXContainerItemProxy section */

/* Begin PBXFileReference section */
		184E4C91EB2B14C9091ED422 /* Pods_Poketto.framework */ = {isa = PBXFileReference; explicitFileType = wrapper.framework; includeInIndex = 0; path = Pods_Poketto.framework; sourceTree = BUILT_PRODUCTS_DIR; };
		43BD7433D9766FC80D79B494 /* Pods-PokettoTests.debug.xcconfig */ = {isa = PBXFileReference; includeInIndex = 1; lastKnownFileType = text.xcconfig; name = "Pods-PokettoTests.debug.xcconfig"; path = "Pods/Target Support Files/Pods-PokettoTests/Pods-PokettoTests.debug.xcconfig"; sourceTree = "<group>"; };
		4E75285DDEAD6CD4FD3FCC28 /* Pods_PokettoTests.framework */ = {isa = PBXFileReference; explicitFileType = wrapper.framework; includeInIndex = 0; path = Pods_PokettoTests.framework; sourceTree = BUILT_PRODUCTS_DIR; };
		70A31C7122676082007291D1 /* RootController.swift */ = {isa = PBXFileReference; lastKnownFileType = sourcecode.swift; path = RootController.swift; sourceTree = "<group>"; };
		70A31C7322676096007291D1 /* LaunchController.swift */ = {isa = PBXFileReference; lastKnownFileType = sourcecode.swift; path = LaunchController.swift; sourceTree = "<group>"; };
		70A31C75226760E4007291D1 /* DashboardController.swift */ = {isa = PBXFileReference; lastKnownFileType = sourcecode.swift; path = DashboardController.swift; sourceTree = "<group>"; };
		70A31C7722676550007291D1 /* Wallet.swift */ = {isa = PBXFileReference; lastKnownFileType = sourcecode.swift; path = Wallet.swift; sourceTree = "<group>"; };
		70A31C7922676A34007291D1 /* OnboardingController.swift */ = {isa = PBXFileReference; lastKnownFileType = sourcecode.swift; path = OnboardingController.swift; sourceTree = "<group>"; };
		70A31C7B22677084007291D1 /* Page1Controller.swift */ = {isa = PBXFileReference; lastKnownFileType = sourcecode.swift; path = Page1Controller.swift; sourceTree = "<group>"; };
		70A31C7D22677090007291D1 /* Page2Controller.swift */ = {isa = PBXFileReference; lastKnownFileType = sourcecode.swift; path = Page2Controller.swift; sourceTree = "<group>"; };
		70A31C7F2267709A007291D1 /* Page3Controller.swift */ = {isa = PBXFileReference; lastKnownFileType = sourcecode.swift; path = Page3Controller.swift; sourceTree = "<group>"; };
		70A31C822267810B007291D1 /* TransactionCell.swift */ = {isa = PBXFileReference; lastKnownFileType = sourcecode.swift; path = TransactionCell.swift; sourceTree = "<group>"; };
		70A31C84226782A0007291D1 /* DashboardHeaderView.swift */ = {isa = PBXFileReference; lastKnownFileType = sourcecode.swift; path = DashboardHeaderView.swift; sourceTree = "<group>"; };
		9D52EC7AF6843B272DF9DECA /* Pods_PokettoUITests.framework */ = {isa = PBXFileReference; explicitFileType = wrapper.framework; includeInIndex = 0; path = Pods_PokettoUITests.framework; sourceTree = BUILT_PRODUCTS_DIR; };
		A2222DDD006819514830BBDB /* Pods-Poketto.release.xcconfig */ = {isa = PBXFileReference; includeInIndex = 1; lastKnownFileType = text.xcconfig; name = "Pods-Poketto.release.xcconfig"; path = "Pods/Target Support Files/Pods-Poketto/Pods-Poketto.release.xcconfig"; sourceTree = "<group>"; };
		B8A9DCECD69B7C600C3A2A9A /* Pods-PokettoUITests.debug.xcconfig */ = {isa = PBXFileReference; includeInIndex = 1; lastKnownFileType = text.xcconfig; name = "Pods-PokettoUITests.debug.xcconfig"; path = "Pods/Target Support Files/Pods-PokettoUITests/Pods-PokettoUITests.debug.xcconfig"; sourceTree = "<group>"; };
		DDAE1F542255234C00D30A8C /* Poketto.app */ = {isa = PBXFileReference; explicitFileType = wrapper.application; includeInIndex = 0; path = Poketto.app; sourceTree = BUILT_PRODUCTS_DIR; };
		DDAE1F572255234C00D30A8C /* AppDelegate.swift */ = {isa = PBXFileReference; lastKnownFileType = sourcecode.swift; path = AppDelegate.swift; sourceTree = "<group>"; };
		DDAE1F592255234C00D30A8C /* ViewController.swift */ = {isa = PBXFileReference; lastKnownFileType = sourcecode.swift; path = ViewController.swift; sourceTree = "<group>"; };
		DDAE1F5C2255234C00D30A8C /* Base */ = {isa = PBXFileReference; lastKnownFileType = file.storyboard; name = Base; path = Base.lproj/Main.storyboard; sourceTree = "<group>"; };
		DDAE1F5E2255234D00D30A8C /* Assets.xcassets */ = {isa = PBXFileReference; lastKnownFileType = folder.assetcatalog; path = Assets.xcassets; sourceTree = "<group>"; };
		DDAE1F612255234D00D30A8C /* Base */ = {isa = PBXFileReference; lastKnownFileType = file.storyboard; name = Base; path = Base.lproj/LaunchScreen.storyboard; sourceTree = "<group>"; };
		DDAE1F632255234D00D30A8C /* Info.plist */ = {isa = PBXFileReference; lastKnownFileType = text.plist.xml; path = Info.plist; sourceTree = "<group>"; };
		DDAE1F682255234D00D30A8C /* PokettoTests.xctest */ = {isa = PBXFileReference; explicitFileType = wrapper.cfbundle; includeInIndex = 0; path = PokettoTests.xctest; sourceTree = BUILT_PRODUCTS_DIR; };
		DDAE1F6C2255234D00D30A8C /* PokettoTests.swift */ = {isa = PBXFileReference; lastKnownFileType = sourcecode.swift; path = PokettoTests.swift; sourceTree = "<group>"; };
		DDAE1F6E2255234D00D30A8C /* Info.plist */ = {isa = PBXFileReference; lastKnownFileType = text.plist.xml; path = Info.plist; sourceTree = "<group>"; };
		DDAE1F732255234D00D30A8C /* PokettoUITests.xctest */ = {isa = PBXFileReference; explicitFileType = wrapper.cfbundle; includeInIndex = 0; path = PokettoUITests.xctest; sourceTree = BUILT_PRODUCTS_DIR; };
		DDAE1F772255234D00D30A8C /* PokettoUITests.swift */ = {isa = PBXFileReference; lastKnownFileType = sourcecode.swift; path = PokettoUITests.swift; sourceTree = "<group>"; };
		DDAE1F792255234D00D30A8C /* Info.plist */ = {isa = PBXFileReference; lastKnownFileType = text.plist.xml; path = Info.plist; sourceTree = "<group>"; };
		DDB50444225CC6EF005B3DE0 /* Explorer.swift */ = {isa = PBXFileReference; lastKnownFileType = sourcecode.swift; path = Explorer.swift; sourceTree = "<group>"; };
		DF89B1D434C1875740174179 /* Pods-PokettoTests.release.xcconfig */ = {isa = PBXFileReference; includeInIndex = 1; lastKnownFileType = text.xcconfig; name = "Pods-PokettoTests.release.xcconfig"; path = "Pods/Target Support Files/Pods-PokettoTests/Pods-PokettoTests.release.xcconfig"; sourceTree = "<group>"; };
		E7F469C00E35522E14CACCEE /* Pods-Poketto.debug.xcconfig */ = {isa = PBXFileReference; includeInIndex = 1; lastKnownFileType = text.xcconfig; name = "Pods-Poketto.debug.xcconfig"; path = "Pods/Target Support Files/Pods-Poketto/Pods-Poketto.debug.xcconfig"; sourceTree = "<group>"; };
		F0DA1ED52B355FC6C7BE394D /* Pods-PokettoUITests.release.xcconfig */ = {isa = PBXFileReference; includeInIndex = 1; lastKnownFileType = text.xcconfig; name = "Pods-PokettoUITests.release.xcconfig"; path = "Pods/Target Support Files/Pods-PokettoUITests/Pods-PokettoUITests.release.xcconfig"; sourceTree = "<group>"; };
/* End PBXFileReference section */

/* Begin PBXFrameworksBuildPhase section */
		DDAE1F512255234C00D30A8C /* Frameworks */ = {
			isa = PBXFrameworksBuildPhase;
			buildActionMask = 2147483647;
			files = (
				A136120CCE27E06D8541DB17 /* Pods_Poketto.framework in Frameworks */,
			);
			runOnlyForDeploymentPostprocessing = 0;
		};
		DDAE1F652255234D00D30A8C /* Frameworks */ = {
			isa = PBXFrameworksBuildPhase;
			buildActionMask = 2147483647;
			files = (
				1879AFCAC7E17D3AA752AA0C /* Pods_PokettoTests.framework in Frameworks */,
			);
			runOnlyForDeploymentPostprocessing = 0;
		};
		DDAE1F702255234D00D30A8C /* Frameworks */ = {
			isa = PBXFrameworksBuildPhase;
			buildActionMask = 2147483647;
			files = (
				239C8B6D8C0C79E902619370 /* Pods_PokettoUITests.framework in Frameworks */,
			);
			runOnlyForDeploymentPostprocessing = 0;
		};
/* End PBXFrameworksBuildPhase section */

/* Begin PBXGroup section */
		064919AFB24095E7C461954B /* Frameworks */ = {
			isa = PBXGroup;
			children = (
				184E4C91EB2B14C9091ED422 /* Pods_Poketto.framework */,
				4E75285DDEAD6CD4FD3FCC28 /* Pods_PokettoTests.framework */,
				9D52EC7AF6843B272DF9DECA /* Pods_PokettoUITests.framework */,
			);
			name = Frameworks;
			sourceTree = "<group>";
		};
		6F193CBE85C2654624424A6F /* Pods */ = {
			isa = PBXGroup;
			children = (
				E7F469C00E35522E14CACCEE /* Pods-Poketto.debug.xcconfig */,
				A2222DDD006819514830BBDB /* Pods-Poketto.release.xcconfig */,
				43BD7433D9766FC80D79B494 /* Pods-PokettoTests.debug.xcconfig */,
				DF89B1D434C1875740174179 /* Pods-PokettoTests.release.xcconfig */,
				B8A9DCECD69B7C600C3A2A9A /* Pods-PokettoUITests.debug.xcconfig */,
				F0DA1ED52B355FC6C7BE394D /* Pods-PokettoUITests.release.xcconfig */,
			);
			name = Pods;
			sourceTree = "<group>";
		};
		70A31C7022676066007291D1 /* Controllers */ = {
			isa = PBXGroup;
			children = (
				70A31C7122676082007291D1 /* RootController.swift */,
				70A31C7322676096007291D1 /* LaunchController.swift */,
				70A31C75226760E4007291D1 /* DashboardController.swift */,
				70A31C7922676A34007291D1 /* OnboardingController.swift */,
				70A31C7B22677084007291D1 /* Page1Controller.swift */,
				70A31C7D22677090007291D1 /* Page2Controller.swift */,
				70A31C7F2267709A007291D1 /* Page3Controller.swift */,
			);
			path = Controllers;
			sourceTree = "<group>";
		};
		70A31C81226780ED007291D1 /* Views */ = {
			isa = PBXGroup;
			children = (
				70A31C822267810B007291D1 /* TransactionCell.swift */,
				70A31C84226782A0007291D1 /* DashboardHeaderView.swift */,
			);
			path = Views;
			sourceTree = "<group>";
		};
		DDAE1F4B2255234B00D30A8C = {
			isa = PBXGroup;
			children = (
				DDAE1F562255234C00D30A8C /* Poketto */,
				DDAE1F6B2255234D00D30A8C /* PokettoTests */,
				DDAE1F762255234D00D30A8C /* PokettoUITests */,
				DDAE1F552255234C00D30A8C /* Products */,
				6F193CBE85C2654624424A6F /* Pods */,
				064919AFB24095E7C461954B /* Frameworks */,
			);
			sourceTree = "<group>";
		};
		DDAE1F552255234C00D30A8C /* Products */ = {
			isa = PBXGroup;
			children = (
				DDAE1F542255234C00D30A8C /* Poketto.app */,
				DDAE1F682255234D00D30A8C /* PokettoTests.xctest */,
				DDAE1F732255234D00D30A8C /* PokettoUITests.xctest */,
			);
			name = Products;
			sourceTree = "<group>";
		};
		DDAE1F562255234C00D30A8C /* Poketto */ = {
			isa = PBXGroup;
			children = (
				70A31C81226780ED007291D1 /* Views */,
				70A31C7022676066007291D1 /* Controllers */,
				DDB50443225CC50C005B3DE0 /* Services */,
				DDAE1F572255234C00D30A8C /* AppDelegate.swift */,
				DDAE1F592255234C00D30A8C /* ViewController.swift */,
				DDAE1F5B2255234C00D30A8C /* Main.storyboard */,
				DDAE1F5E2255234D00D30A8C /* Assets.xcassets */,
				DDAE1F602255234D00D30A8C /* LaunchScreen.storyboard */,
				DDAE1F632255234D00D30A8C /* Info.plist */,
			);
			path = Poketto;
			sourceTree = "<group>";
		};
		DDAE1F6B2255234D00D30A8C /* PokettoTests */ = {
			isa = PBXGroup;
			children = (
				DDAE1F6C2255234D00D30A8C /* PokettoTests.swift */,
				DDAE1F6E2255234D00D30A8C /* Info.plist */,
			);
			path = PokettoTests;
			sourceTree = "<group>";
		};
		DDAE1F762255234D00D30A8C /* PokettoUITests */ = {
			isa = PBXGroup;
			children = (
				DDAE1F772255234D00D30A8C /* PokettoUITests.swift */,
				DDAE1F792255234D00D30A8C /* Info.plist */,
			);
			path = PokettoUITests;
			sourceTree = "<group>";
		};
		DDB50443225CC50C005B3DE0 /* Services */ = {
			isa = PBXGroup;
			children = (
				DDB50444225CC6EF005B3DE0 /* Explorer.swift */,
				70A31C7722676550007291D1 /* Wallet.swift */,
			);
			path = Services;
			sourceTree = "<group>";
		};
/* End PBXGroup section */

/* Begin PBXNativeTarget section */
		DDAE1F532255234C00D30A8C /* Poketto */ = {
			isa = PBXNativeTarget;
			buildConfigurationList = DDAE1F7C2255234D00D30A8C /* Build configuration list for PBXNativeTarget "Poketto" */;
			buildPhases = (
				90790F10FA4F1BBF46BBB0DD /* [CP] Check Pods Manifest.lock */,
				DDAE1F502255234C00D30A8C /* Sources */,
				DDAE1F512255234C00D30A8C /* Frameworks */,
				DDAE1F522255234C00D30A8C /* Resources */,
				C82EDB3017505339324F7D57 /* [CP] Embed Pods Frameworks */,
			);
			buildRules = (
			);
			dependencies = (
			);
			name = Poketto;
			productName = Poketto;
			productReference = DDAE1F542255234C00D30A8C /* Poketto.app */;
			productType = "com.apple.product-type.application";
		};
		DDAE1F672255234D00D30A8C /* PokettoTests */ = {
			isa = PBXNativeTarget;
			buildConfigurationList = DDAE1F7F2255234D00D30A8C /* Build configuration list for PBXNativeTarget "PokettoTests" */;
			buildPhases = (
				15B4957490E6E214157FF0EB /* [CP] Check Pods Manifest.lock */,
				DDAE1F642255234D00D30A8C /* Sources */,
				DDAE1F652255234D00D30A8C /* Frameworks */,
				DDAE1F662255234D00D30A8C /* Resources */,
			);
			buildRules = (
			);
			dependencies = (
				DDAE1F6A2255234D00D30A8C /* PBXTargetDependency */,
			);
			name = PokettoTests;
			productName = PokettoTests;
			productReference = DDAE1F682255234D00D30A8C /* PokettoTests.xctest */;
			productType = "com.apple.product-type.bundle.unit-test";
		};
		DDAE1F722255234D00D30A8C /* PokettoUITests */ = {
			isa = PBXNativeTarget;
			buildConfigurationList = DDAE1F822255234D00D30A8C /* Build configuration list for PBXNativeTarget "PokettoUITests" */;
			buildPhases = (
				48031BABA16D97AE7B4B42ED /* [CP] Check Pods Manifest.lock */,
				DDAE1F6F2255234D00D30A8C /* Sources */,
				DDAE1F702255234D00D30A8C /* Frameworks */,
				DDAE1F712255234D00D30A8C /* Resources */,
			);
			buildRules = (
			);
			dependencies = (
				DDAE1F752255234D00D30A8C /* PBXTargetDependency */,
			);
			name = PokettoUITests;
			productName = PokettoUITests;
			productReference = DDAE1F732255234D00D30A8C /* PokettoUITests.xctest */;
			productType = "com.apple.product-type.bundle.ui-testing";
		};
/* End PBXNativeTarget section */

/* Begin PBXProject section */
		DDAE1F4C2255234B00D30A8C /* Project object */ = {
			isa = PBXProject;
			attributes = {
				LastSwiftUpdateCheck = 1010;
				LastUpgradeCheck = 1010;
				ORGANIZATIONNAME = Poketto;
				TargetAttributes = {
					DDAE1F532255234C00D30A8C = {
						CreatedOnToolsVersion = 10.1;
					};
					DDAE1F672255234D00D30A8C = {
						CreatedOnToolsVersion = 10.1;
						TestTargetID = DDAE1F532255234C00D30A8C;
					};
					DDAE1F722255234D00D30A8C = {
						CreatedOnToolsVersion = 10.1;
						TestTargetID = DDAE1F532255234C00D30A8C;
					};
				};
			};
			buildConfigurationList = DDAE1F4F2255234B00D30A8C /* Build configuration list for PBXProject "Poketto" */;
			compatibilityVersion = "Xcode 9.3";
			developmentRegion = en;
			hasScannedForEncodings = 0;
			knownRegions = (
				en,
				Base,
			);
			mainGroup = DDAE1F4B2255234B00D30A8C;
			productRefGroup = DDAE1F552255234C00D30A8C /* Products */;
			projectDirPath = "";
			projectRoot = "";
			targets = (
				DDAE1F532255234C00D30A8C /* Poketto */,
				DDAE1F672255234D00D30A8C /* PokettoTests */,
				DDAE1F722255234D00D30A8C /* PokettoUITests */,
			);
		};
/* End PBXProject section */

/* Begin PBXResourcesBuildPhase section */
		DDAE1F522255234C00D30A8C /* Resources */ = {
			isa = PBXResourcesBuildPhase;
			buildActionMask = 2147483647;
			files = (
				DDAE1F622255234D00D30A8C /* LaunchScreen.storyboard in Resources */,
				DDAE1F5F2255234D00D30A8C /* Assets.xcassets in Resources */,
				DDAE1F5D2255234C00D30A8C /* Main.storyboard in Resources */,
			);
			runOnlyForDeploymentPostprocessing = 0;
		};
		DDAE1F662255234D00D30A8C /* Resources */ = {
			isa = PBXResourcesBuildPhase;
			buildActionMask = 2147483647;
			files = (
			);
			runOnlyForDeploymentPostprocessing = 0;
		};
		DDAE1F712255234D00D30A8C /* Resources */ = {
			isa = PBXResourcesBuildPhase;
			buildActionMask = 2147483647;
			files = (
			);
			runOnlyForDeploymentPostprocessing = 0;
		};
/* End PBXResourcesBuildPhase section */

/* Begin PBXShellScriptBuildPhase section */
		15B4957490E6E214157FF0EB /* [CP] Check Pods Manifest.lock */ = {
			isa = PBXShellScriptBuildPhase;
			buildActionMask = 2147483647;
			files = (
			);
			inputPaths = (
				"${PODS_PODFILE_DIR_PATH}/Podfile.lock",
				"${PODS_ROOT}/Manifest.lock",
			);
			name = "[CP] Check Pods Manifest.lock";
			outputPaths = (
				"$(DERIVED_FILE_DIR)/Pods-PokettoTests-checkManifestLockResult.txt",
			);
			runOnlyForDeploymentPostprocessing = 0;
			shellPath = /bin/sh;
			shellScript = "diff \"${PODS_PODFILE_DIR_PATH}/Podfile.lock\" \"${PODS_ROOT}/Manifest.lock\" > /dev/null\nif [ $? != 0 ] ; then\n    # print error to STDERR\n    echo \"error: The sandbox is not in sync with the Podfile.lock. Run 'pod install' or update your CocoaPods installation.\" >&2\n    exit 1\nfi\n# This output is used by Xcode 'outputs' to avoid re-running this script phase.\necho \"SUCCESS\" > \"${SCRIPT_OUTPUT_FILE_0}\"\n";
			showEnvVarsInLog = 0;
		};
		48031BABA16D97AE7B4B42ED /* [CP] Check Pods Manifest.lock */ = {
			isa = PBXShellScriptBuildPhase;
			buildActionMask = 2147483647;
			files = (
			);
			inputPaths = (
				"${PODS_PODFILE_DIR_PATH}/Podfile.lock",
				"${PODS_ROOT}/Manifest.lock",
			);
			name = "[CP] Check Pods Manifest.lock";
			outputPaths = (
				"$(DERIVED_FILE_DIR)/Pods-PokettoUITests-checkManifestLockResult.txt",
			);
			runOnlyForDeploymentPostprocessing = 0;
			shellPath = /bin/sh;
			shellScript = "diff \"${PODS_PODFILE_DIR_PATH}/Podfile.lock\" \"${PODS_ROOT}/Manifest.lock\" > /dev/null\nif [ $? != 0 ] ; then\n    # print error to STDERR\n    echo \"error: The sandbox is not in sync with the Podfile.lock. Run 'pod install' or update your CocoaPods installation.\" >&2\n    exit 1\nfi\n# This output is used by Xcode 'outputs' to avoid re-running this script phase.\necho \"SUCCESS\" > \"${SCRIPT_OUTPUT_FILE_0}\"\n";
			showEnvVarsInLog = 0;
		};
		90790F10FA4F1BBF46BBB0DD /* [CP] Check Pods Manifest.lock */ = {
			isa = PBXShellScriptBuildPhase;
			buildActionMask = 2147483647;
			files = (
			);
			inputPaths = (
				"${PODS_PODFILE_DIR_PATH}/Podfile.lock",
				"${PODS_ROOT}/Manifest.lock",
			);
			name = "[CP] Check Pods Manifest.lock";
			outputPaths = (
				"$(DERIVED_FILE_DIR)/Pods-Poketto-checkManifestLockResult.txt",
			);
			runOnlyForDeploymentPostprocessing = 0;
			shellPath = /bin/sh;
			shellScript = "diff \"${PODS_PODFILE_DIR_PATH}/Podfile.lock\" \"${PODS_ROOT}/Manifest.lock\" > /dev/null\nif [ $? != 0 ] ; then\n    # print error to STDERR\n    echo \"error: The sandbox is not in sync with the Podfile.lock. Run 'pod install' or update your CocoaPods installation.\" >&2\n    exit 1\nfi\n# This output is used by Xcode 'outputs' to avoid re-running this script phase.\necho \"SUCCESS\" > \"${SCRIPT_OUTPUT_FILE_0}\"\n";
			showEnvVarsInLog = 0;
		};
		C82EDB3017505339324F7D57 /* [CP] Embed Pods Frameworks */ = {
			isa = PBXShellScriptBuildPhase;
			buildActionMask = 2147483647;
			files = (
			);
			inputPaths = (
				"${PODS_ROOT}/Target Support Files/Pods-Poketto/Pods-Poketto-frameworks.sh",
				"${BUILT_PRODUCTS_DIR}/Alamofire/Alamofire.framework",
				"${BUILT_PRODUCTS_DIR}/BigInt/BigInt.framework",
				"${BUILT_PRODUCTS_DIR}/Chester/Chester.framework",
				"${BUILT_PRODUCTS_DIR}/CryptoSwift/CryptoSwift.framework",
				"${BUILT_PRODUCTS_DIR}/EthereumABI/EthereumABI.framework",
				"${BUILT_PRODUCTS_DIR}/EthereumAddress/EthereumAddress.framework",
				"${BUILT_PRODUCTS_DIR}/PromiseKit/PromiseKit.framework",
				"${BUILT_PRODUCTS_DIR}/SipHash/SipHash.framework",
				"${BUILT_PRODUCTS_DIR}/SwiftKeychainWrapper/SwiftKeychainWrapper.framework",
				"${BUILT_PRODUCTS_DIR}/SwiftRLP/SwiftRLP.framework",
				"${BUILT_PRODUCTS_DIR}/SwiftyJSON/SwiftyJSON.framework",
				"${BUILT_PRODUCTS_DIR}/scrypt/scrypt.framework",
				"${BUILT_PRODUCTS_DIR}/secp256k1_swift/secp256k1_swift.framework",
				"${BUILT_PRODUCTS_DIR}/web3swift/Web3swift.framework",
			);
			name = "[CP] Embed Pods Frameworks";
			outputPaths = (
				"${TARGET_BUILD_DIR}/${FRAMEWORKS_FOLDER_PATH}/Alamofire.framework",
				"${TARGET_BUILD_DIR}/${FRAMEWORKS_FOLDER_PATH}/BigInt.framework",
				"${TARGET_BUILD_DIR}/${FRAMEWORKS_FOLDER_PATH}/Chester.framework",
				"${TARGET_BUILD_DIR}/${FRAMEWORKS_FOLDER_PATH}/CryptoSwift.framework",
				"${TARGET_BUILD_DIR}/${FRAMEWORKS_FOLDER_PATH}/EthereumABI.framework",
				"${TARGET_BUILD_DIR}/${FRAMEWORKS_FOLDER_PATH}/EthereumAddress.framework",
				"${TARGET_BUILD_DIR}/${FRAMEWORKS_FOLDER_PATH}/PromiseKit.framework",
				"${TARGET_BUILD_DIR}/${FRAMEWORKS_FOLDER_PATH}/SipHash.framework",
				"${TARGET_BUILD_DIR}/${FRAMEWORKS_FOLDER_PATH}/SwiftKeychainWrapper.framework",
				"${TARGET_BUILD_DIR}/${FRAMEWORKS_FOLDER_PATH}/SwiftRLP.framework",
				"${TARGET_BUILD_DIR}/${FRAMEWORKS_FOLDER_PATH}/SwiftyJSON.framework",
				"${TARGET_BUILD_DIR}/${FRAMEWORKS_FOLDER_PATH}/scrypt.framework",
				"${TARGET_BUILD_DIR}/${FRAMEWORKS_FOLDER_PATH}/secp256k1_swift.framework",
				"${TARGET_BUILD_DIR}/${FRAMEWORKS_FOLDER_PATH}/Web3swift.framework",
			);
			runOnlyForDeploymentPostprocessing = 0;
			shellPath = /bin/sh;
			shellScript = "\"${PODS_ROOT}/Target Support Files/Pods-Poketto/Pods-Poketto-frameworks.sh\"\n";
			showEnvVarsInLog = 0;
		};
/* End PBXShellScriptBuildPhase section */

/* Begin PBXSourcesBuildPhase section */
		DDAE1F502255234C00D30A8C /* Sources */ = {
			isa = PBXSourcesBuildPhase;
			buildActionMask = 2147483647;
			files = (
				70A31C7822676550007291D1 /* Wallet.swift in Sources */,
				DDB50445225CC6EF005B3DE0 /* Explorer.swift in Sources */,
				70A31C832267810B007291D1 /* TransactionCell.swift in Sources */,
				70A31C7422676096007291D1 /* LaunchController.swift in Sources */,
				DDAE1F5A2255234C00D30A8C /* ViewController.swift in Sources */,
				70A31C7A22676A34007291D1 /* OnboardingController.swift in Sources */,
				DDAE1F582255234C00D30A8C /* AppDelegate.swift in Sources */,
				70A31C85226782A0007291D1 /* DashboardHeaderView.swift in Sources */,
				70A31C76226760E4007291D1 /* DashboardController.swift in Sources */,
				70A31C802267709A007291D1 /* Page3Controller.swift in Sources */,
				70A31C7C22677084007291D1 /* Page1Controller.swift in Sources */,
				70A31C7222676082007291D1 /* RootController.swift in Sources */,
				70A31C7E22677090007291D1 /* Page2Controller.swift in Sources */,
			);
			runOnlyForDeploymentPostprocessing = 0;
		};
		DDAE1F642255234D00D30A8C /* Sources */ = {
			isa = PBXSourcesBuildPhase;
			buildActionMask = 2147483647;
			files = (
				DDAE1F6D2255234D00D30A8C /* PokettoTests.swift in Sources */,
			);
			runOnlyForDeploymentPostprocessing = 0;
		};
		DDAE1F6F2255234D00D30A8C /* Sources */ = {
			isa = PBXSourcesBuildPhase;
			buildActionMask = 2147483647;
			files = (
				DDAE1F782255234D00D30A8C /* PokettoUITests.swift in Sources */,
			);
			runOnlyForDeploymentPostprocessing = 0;
		};
/* End PBXSourcesBuildPhase section */

/* Begin PBXTargetDependency section */
		DDAE1F6A2255234D00D30A8C /* PBXTargetDependency */ = {
			isa = PBXTargetDependency;
			target = DDAE1F532255234C00D30A8C /* Poketto */;
			targetProxy = DDAE1F692255234D00D30A8C /* PBXContainerItemProxy */;
		};
		DDAE1F752255234D00D30A8C /* PBXTargetDependency */ = {
			isa = PBXTargetDependency;
			target = DDAE1F532255234C00D30A8C /* Poketto */;
			targetProxy = DDAE1F742255234D00D30A8C /* PBXContainerItemProxy */;
		};
/* End PBXTargetDependency section */

/* Begin PBXVariantGroup section */
		DDAE1F5B2255234C00D30A8C /* Main.storyboard */ = {
			isa = PBXVariantGroup;
			children = (
				DDAE1F5C2255234C00D30A8C /* Base */,
			);
			name = Main.storyboard;
			sourceTree = "<group>";
		};
		DDAE1F602255234D00D30A8C /* LaunchScreen.storyboard */ = {
			isa = PBXVariantGroup;
			children = (
				DDAE1F612255234D00D30A8C /* Base */,
			);
			name = LaunchScreen.storyboard;
			sourceTree = "<group>";
		};
/* End PBXVariantGroup section */

/* Begin XCBuildConfiguration section */
		DDAE1F7A2255234D00D30A8C /* Debug */ = {
			isa = XCBuildConfiguration;
			buildSettings = {
				ALWAYS_SEARCH_USER_PATHS = NO;
				CLANG_ANALYZER_NONNULL = YES;
				CLANG_ANALYZER_NUMBER_OBJECT_CONVERSION = YES_AGGRESSIVE;
				CLANG_CXX_LANGUAGE_STANDARD = "gnu++14";
				CLANG_CXX_LIBRARY = "libc++";
				CLANG_ENABLE_MODULES = YES;
				CLANG_ENABLE_OBJC_ARC = YES;
				CLANG_ENABLE_OBJC_WEAK = YES;
				CLANG_WARN_BLOCK_CAPTURE_AUTORELEASING = YES;
				CLANG_WARN_BOOL_CONVERSION = YES;
				CLANG_WARN_COMMA = YES;
				CLANG_WARN_CONSTANT_CONVERSION = YES;
				CLANG_WARN_DEPRECATED_OBJC_IMPLEMENTATIONS = YES;
				CLANG_WARN_DIRECT_OBJC_ISA_USAGE = YES_ERROR;
				CLANG_WARN_DOCUMENTATION_COMMENTS = YES;
				CLANG_WARN_EMPTY_BODY = YES;
				CLANG_WARN_ENUM_CONVERSION = YES;
				CLANG_WARN_INFINITE_RECURSION = YES;
				CLANG_WARN_INT_CONVERSION = YES;
				CLANG_WARN_NON_LITERAL_NULL_CONVERSION = YES;
				CLANG_WARN_OBJC_IMPLICIT_RETAIN_SELF = YES;
				CLANG_WARN_OBJC_LITERAL_CONVERSION = YES;
				CLANG_WARN_OBJC_ROOT_CLASS = YES_ERROR;
				CLANG_WARN_RANGE_LOOP_ANALYSIS = YES;
				CLANG_WARN_STRICT_PROTOTYPES = YES;
				CLANG_WARN_SUSPICIOUS_MOVE = YES;
				CLANG_WARN_UNGUARDED_AVAILABILITY = YES_AGGRESSIVE;
				CLANG_WARN_UNREACHABLE_CODE = YES;
				CLANG_WARN__DUPLICATE_METHOD_MATCH = YES;
				CODE_SIGN_IDENTITY = "iPhone Developer";
				COPY_PHASE_STRIP = NO;
				DEBUG_INFORMATION_FORMAT = dwarf;
				ENABLE_STRICT_OBJC_MSGSEND = YES;
				ENABLE_TESTABILITY = YES;
				GCC_C_LANGUAGE_STANDARD = gnu11;
				GCC_DYNAMIC_NO_PIC = NO;
				GCC_NO_COMMON_BLOCKS = YES;
				GCC_OPTIMIZATION_LEVEL = 0;
				GCC_PREPROCESSOR_DEFINITIONS = (
					"DEBUG=1",
					"$(inherited)",
				);
				GCC_WARN_64_TO_32_BIT_CONVERSION = YES;
				GCC_WARN_ABOUT_RETURN_TYPE = YES_ERROR;
				GCC_WARN_UNDECLARED_SELECTOR = YES;
				GCC_WARN_UNINITIALIZED_AUTOS = YES_AGGRESSIVE;
				GCC_WARN_UNUSED_FUNCTION = YES;
				GCC_WARN_UNUSED_VARIABLE = YES;
				IPHONEOS_DEPLOYMENT_TARGET = 12.1;
				MTL_ENABLE_DEBUG_INFO = INCLUDE_SOURCE;
				MTL_FAST_MATH = YES;
				ONLY_ACTIVE_ARCH = YES;
				SDKROOT = iphoneos;
				SWIFT_ACTIVE_COMPILATION_CONDITIONS = DEBUG;
				SWIFT_OPTIMIZATION_LEVEL = "-Onone";
			};
			name = Debug;
		};
		DDAE1F7B2255234D00D30A8C /* Release */ = {
			isa = XCBuildConfiguration;
			buildSettings = {
				ALWAYS_SEARCH_USER_PATHS = NO;
				CLANG_ANALYZER_NONNULL = YES;
				CLANG_ANALYZER_NUMBER_OBJECT_CONVERSION = YES_AGGRESSIVE;
				CLANG_CXX_LANGUAGE_STANDARD = "gnu++14";
				CLANG_CXX_LIBRARY = "libc++";
				CLANG_ENABLE_MODULES = YES;
				CLANG_ENABLE_OBJC_ARC = YES;
				CLANG_ENABLE_OBJC_WEAK = YES;
				CLANG_WARN_BLOCK_CAPTURE_AUTORELEASING = YES;
				CLANG_WARN_BOOL_CONVERSION = YES;
				CLANG_WARN_COMMA = YES;
				CLANG_WARN_CONSTANT_CONVERSION = YES;
				CLANG_WARN_DEPRECATED_OBJC_IMPLEMENTATIONS = YES;
				CLANG_WARN_DIRECT_OBJC_ISA_USAGE = YES_ERROR;
				CLANG_WARN_DOCUMENTATION_COMMENTS = YES;
				CLANG_WARN_EMPTY_BODY = YES;
				CLANG_WARN_ENUM_CONVERSION = YES;
				CLANG_WARN_INFINITE_RECURSION = YES;
				CLANG_WARN_INT_CONVERSION = YES;
				CLANG_WARN_NON_LITERAL_NULL_CONVERSION = YES;
				CLANG_WARN_OBJC_IMPLICIT_RETAIN_SELF = YES;
				CLANG_WARN_OBJC_LITERAL_CONVERSION = YES;
				CLANG_WARN_OBJC_ROOT_CLASS = YES_ERROR;
				CLANG_WARN_RANGE_LOOP_ANALYSIS = YES;
				CLANG_WARN_STRICT_PROTOTYPES = YES;
				CLANG_WARN_SUSPICIOUS_MOVE = YES;
				CLANG_WARN_UNGUARDED_AVAILABILITY = YES_AGGRESSIVE;
				CLANG_WARN_UNREACHABLE_CODE = YES;
				CLANG_WARN__DUPLICATE_METHOD_MATCH = YES;
				CODE_SIGN_IDENTITY = "iPhone Developer";
				COPY_PHASE_STRIP = NO;
				DEBUG_INFORMATION_FORMAT = "dwarf-with-dsym";
				ENABLE_NS_ASSERTIONS = NO;
				ENABLE_STRICT_OBJC_MSGSEND = YES;
				GCC_C_LANGUAGE_STANDARD = gnu11;
				GCC_NO_COMMON_BLOCKS = YES;
				GCC_WARN_64_TO_32_BIT_CONVERSION = YES;
				GCC_WARN_ABOUT_RETURN_TYPE = YES_ERROR;
				GCC_WARN_UNDECLARED_SELECTOR = YES;
				GCC_WARN_UNINITIALIZED_AUTOS = YES_AGGRESSIVE;
				GCC_WARN_UNUSED_FUNCTION = YES;
				GCC_WARN_UNUSED_VARIABLE = YES;
				IPHONEOS_DEPLOYMENT_TARGET = 12.1;
				MTL_ENABLE_DEBUG_INFO = NO;
				MTL_FAST_MATH = YES;
				SDKROOT = iphoneos;
				SWIFT_COMPILATION_MODE = wholemodule;
				SWIFT_OPTIMIZATION_LEVEL = "-O";
				VALIDATE_PRODUCT = YES;
			};
			name = Release;
		};
		DDAE1F7D2255234D00D30A8C /* Debug */ = {
			isa = XCBuildConfiguration;
			baseConfigurationReference = E7F469C00E35522E14CACCEE /* Pods-Poketto.debug.xcconfig */;
			buildSettings = {
				ASSETCATALOG_COMPILER_APPICON_NAME = AppIcon;
				CODE_SIGN_STYLE = Automatic;
				DEVELOPMENT_TEAM = 57JMDA279Y;
				INFOPLIST_FILE = Poketto/Info.plist;
				LD_RUNPATH_SEARCH_PATHS = (
					"$(inherited)",
					"@executable_path/Frameworks",
				);
				PRODUCT_BUNDLE_IDENTIFIER = com.poketto.Poketto;
				PRODUCT_NAME = "$(TARGET_NAME)";
				SWIFT_VERSION = 4.2;
				TARGETED_DEVICE_FAMILY = "1,2";
			};
			name = Debug;
		};
		DDAE1F7E2255234D00D30A8C /* Release */ = {
			isa = XCBuildConfiguration;
			baseConfigurationReference = A2222DDD006819514830BBDB /* Pods-Poketto.release.xcconfig */;
			buildSettings = {
				ASSETCATALOG_COMPILER_APPICON_NAME = AppIcon;
				CODE_SIGN_STYLE = Automatic;
				DEVELOPMENT_TEAM = 57JMDA279Y;
				INFOPLIST_FILE = Poketto/Info.plist;
				LD_RUNPATH_SEARCH_PATHS = (
					"$(inherited)",
					"@executable_path/Frameworks",
				);
				PRODUCT_BUNDLE_IDENTIFIER = com.poketto.Poketto;
				PRODUCT_NAME = "$(TARGET_NAME)";
				SWIFT_VERSION = 4.2;
				TARGETED_DEVICE_FAMILY = "1,2";
			};
			name = Release;
		};
		DDAE1F802255234D00D30A8C /* Debug */ = {
			isa = XCBuildConfiguration;
			baseConfigurationReference = 43BD7433D9766FC80D79B494 /* Pods-PokettoTests.debug.xcconfig */;
			buildSettings = {
				ALWAYS_EMBED_SWIFT_STANDARD_LIBRARIES = YES;
				BUNDLE_LOADER = "$(TEST_HOST)";
				CODE_SIGN_STYLE = Automatic;
				DEVELOPMENT_TEAM = Z7XW95HDSC;
				INFOPLIST_FILE = PokettoTests/Info.plist;
				LD_RUNPATH_SEARCH_PATHS = (
					"$(inherited)",
					"@executable_path/Frameworks",
					"@loader_path/Frameworks",
				);
				PRODUCT_BUNDLE_IDENTIFIER = com.poketto.PokettoTests;
				PRODUCT_NAME = "$(TARGET_NAME)";
				SWIFT_VERSION = 4.2;
				TARGETED_DEVICE_FAMILY = "1,2";
				TEST_HOST = "$(BUILT_PRODUCTS_DIR)/Poketto.app/Poketto";
			};
			name = Debug;
		};
		DDAE1F812255234D00D30A8C /* Release */ = {
			isa = XCBuildConfiguration;
			baseConfigurationReference = DF89B1D434C1875740174179 /* Pods-PokettoTests.release.xcconfig */;
			buildSettings = {
				ALWAYS_EMBED_SWIFT_STANDARD_LIBRARIES = YES;
				BUNDLE_LOADER = "$(TEST_HOST)";
				CODE_SIGN_STYLE = Automatic;
				DEVELOPMENT_TEAM = Z7XW95HDSC;
				INFOPLIST_FILE = PokettoTests/Info.plist;
				LD_RUNPATH_SEARCH_PATHS = (
					"$(inherited)",
					"@executable_path/Frameworks",
					"@loader_path/Frameworks",
				);
				PRODUCT_BUNDLE_IDENTIFIER = com.poketto.PokettoTests;
				PRODUCT_NAME = "$(TARGET_NAME)";
				SWIFT_VERSION = 4.2;
				TARGETED_DEVICE_FAMILY = "1,2";
				TEST_HOST = "$(BUILT_PRODUCTS_DIR)/Poketto.app/Poketto";
			};
			name = Release;
		};
		DDAE1F832255234D00D30A8C /* Debug */ = {
			isa = XCBuildConfiguration;
			baseConfigurationReference = B8A9DCECD69B7C600C3A2A9A /* Pods-PokettoUITests.debug.xcconfig */;
			buildSettings = {
				ALWAYS_EMBED_SWIFT_STANDARD_LIBRARIES = YES;
				CODE_SIGN_STYLE = Automatic;
				DEVELOPMENT_TEAM = Z7XW95HDSC;
				INFOPLIST_FILE = PokettoUITests/Info.plist;
				LD_RUNPATH_SEARCH_PATHS = (
					"$(inherited)",
					"@executable_path/Frameworks",
					"@loader_path/Frameworks",
				);
				PRODUCT_BUNDLE_IDENTIFIER = com.poketto.PokettoUITests;
				PRODUCT_NAME = "$(TARGET_NAME)";
				SWIFT_VERSION = 4.2;
				TARGETED_DEVICE_FAMILY = "1,2";
				TEST_TARGET_NAME = Poketto;
			};
			name = Debug;
		};
		DDAE1F842255234D00D30A8C /* Release */ = {
			isa = XCBuildConfiguration;
			baseConfigurationReference = F0DA1ED52B355FC6C7BE394D /* Pods-PokettoUITests.release.xcconfig */;
			buildSettings = {
				ALWAYS_EMBED_SWIFT_STANDARD_LIBRARIES = YES;
				CODE_SIGN_STYLE = Automatic;
				DEVELOPMENT_TEAM = Z7XW95HDSC;
				INFOPLIST_FILE = PokettoUITests/Info.plist;
				LD_RUNPATH_SEARCH_PATHS = (
					"$(inherited)",
					"@executable_path/Frameworks",
					"@loader_path/Frameworks",
				);
				PRODUCT_BUNDLE_IDENTIFIER = com.poketto.PokettoUITests;
				PRODUCT_NAME = "$(TARGET_NAME)";
				SWIFT_VERSION = 4.2;
				TARGETED_DEVICE_FAMILY = "1,2";
				TEST_TARGET_NAME = Poketto;
			};
			name = Release;
		};
/* End XCBuildConfiguration section */

/* Begin XCConfigurationList section */
		DDAE1F4F2255234B00D30A8C /* Build configuration list for PBXProject "Poketto" */ = {
			isa = XCConfigurationList;
			buildConfigurations = (
				DDAE1F7A2255234D00D30A8C /* Debug */,
				DDAE1F7B2255234D00D30A8C /* Release */,
			);
			defaultConfigurationIsVisible = 0;
			defaultConfigurationName = Release;
		};
		DDAE1F7C2255234D00D30A8C /* Build configuration list for PBXNativeTarget "Poketto" */ = {
			isa = XCConfigurationList;
			buildConfigurations = (
				DDAE1F7D2255234D00D30A8C /* Debug */,
				DDAE1F7E2255234D00D30A8C /* Release */,
			);
			defaultConfigurationIsVisible = 0;
			defaultConfigurationName = Release;
		};
		DDAE1F7F2255234D00D30A8C /* Build configuration list for PBXNativeTarget "PokettoTests" */ = {
			isa = XCConfigurationList;
			buildConfigurations = (
				DDAE1F802255234D00D30A8C /* Debug */,
				DDAE1F812255234D00D30A8C /* Release */,
			);
			defaultConfigurationIsVisible = 0;
			defaultConfigurationName = Release;
		};
		DDAE1F822255234D00D30A8C /* Build configuration list for PBXNativeTarget "PokettoUITests" */ = {
			isa = XCConfigurationList;
			buildConfigurations = (
				DDAE1F832255234D00D30A8C /* Debug */,
				DDAE1F842255234D00D30A8C /* Release */,
			);
			defaultConfigurationIsVisible = 0;
			defaultConfigurationName = Release;
		};
/* End XCConfigurationList section */
	};
	rootObject = DDAE1F4C2255234B00D30A8C /* Project object */;
}
